// !$*UTF8*$!
{
	archiveVersion = 1;
	classes = {
	};
	objectVersion = 46;
	objects = {

/* Begin PBXBuildFile section */
		1ED863081D2F39DD00529094 /* AFViewShaker.m in Sources */ = {isa = PBXBuildFile; fileRef = 1ED862EC1D2F39DD00529094 /* AFViewShaker.m */; };
		1ED863091D2F39DD00529094 /* Info.plist in Resources */ = {isa = PBXBuildFile; fileRef = 1ED862EE1D2F39DD00529094 /* Info.plist */; };
		1ED8630A1D2F39DD00529094 /* MASCompositeConstraint.m in Sources */ = {isa = PBXBuildFile; fileRef = 1ED862F01D2F39DD00529094 /* MASCompositeConstraint.m */; };
		1ED8630B1D2F39DD00529094 /* MASConstraint.m in Sources */ = {isa = PBXBuildFile; fileRef = 1ED862F31D2F39DD00529094 /* MASConstraint.m */; };
		1ED8630C1D2F39DD00529094 /* MASConstraintMaker.m in Sources */ = {isa = PBXBuildFile; fileRef = 1ED862F51D2F39DD00529094 /* MASConstraintMaker.m */; };
		1ED8630D1D2F39DD00529094 /* MASLayoutConstraint.m in Sources */ = {isa = PBXBuildFile; fileRef = 1ED862F71D2F39DD00529094 /* MASLayoutConstraint.m */; };
		1ED8630E1D2F39DD00529094 /* MASViewAttribute.m in Sources */ = {isa = PBXBuildFile; fileRef = 1ED862FB1D2F39DD00529094 /* MASViewAttribute.m */; };
		1ED8630F1D2F39DD00529094 /* MASViewConstraint.m in Sources */ = {isa = PBXBuildFile; fileRef = 1ED862FD1D2F39DD00529094 /* MASViewConstraint.m */; };
		1ED863101D2F39DD00529094 /* NSArray+MASAdditions.m in Sources */ = {isa = PBXBuildFile; fileRef = 1ED862FF1D2F39DD00529094 /* NSArray+MASAdditions.m */; };
		1ED863111D2F39DD00529094 /* NSLayoutConstraint+MASDebugAdditions.m in Sources */ = {isa = PBXBuildFile; fileRef = 1ED863021D2F39DD00529094 /* NSLayoutConstraint+MASDebugAdditions.m */; };
		1ED863121D2F39DD00529094 /* View+MASAdditions.m in Sources */ = {isa = PBXBuildFile; fileRef = 1ED863041D2F39DD00529094 /* View+MASAdditions.m */; };
		1ED863131D2F39DD00529094 /* ViewController+MASAdditions.m in Sources */ = {isa = PBXBuildFile; fileRef = 1ED863071D2F39DD00529094 /* ViewController+MASAdditions.m */; };
		1ED8631B1D2F839F00529094 /* YBZPopularViewCell.m in Sources */ = {isa = PBXBuildFile; fileRef = 1ED863191D2F839F00529094 /* YBZPopularViewCell.m */; };
		1ED8631C1D2F839F00529094 /* YBZPopularViewCell.xib in Resources */ = {isa = PBXBuildFile; fileRef = 1ED8631A1D2F839F00529094 /* YBZPopularViewCell.xib */; };
		1ED8631F1D2F8DA500529094 /* YBZPopularFrameInfo.m in Sources */ = {isa = PBXBuildFile; fileRef = 1ED8631E1D2F8DA500529094 /* YBZPopularFrameInfo.m */; };
		1ED8636A1D3347F500529094 /* SYTableFooterView.m in Sources */ = {isa = PBXBuildFile; fileRef = 1ED863631D3347F500529094 /* SYTableFooterView.m */; };
		1ED8636B1D3347F500529094 /* SYTableFooterView.xib in Resources */ = {isa = PBXBuildFile; fileRef = 1ED863641D3347F500529094 /* SYTableFooterView.xib */; };
		1ED8636C1D3347F500529094 /* SYTableHeaderView.m in Sources */ = {isa = PBXBuildFile; fileRef = 1ED863661D3347F500529094 /* SYTableHeaderView.m */; };
		1ED8636D1D3347F500529094 /* SYTableHeaderView.xib in Resources */ = {isa = PBXBuildFile; fileRef = 1ED863671D3347F500529094 /* SYTableHeaderView.xib */; };
		1ED8636E1D3347F500529094 /* SYTableViewController.m in Sources */ = {isa = PBXBuildFile; fileRef = 1ED863691D3347F500529094 /* SYTableViewController.m */; };
		1ED863D11D3390F000529094 /* MJRefresh.bundle in Resources */ = {isa = PBXBuildFile; fileRef = 1ED863C11D3390F000529094 /* MJRefresh.bundle */; };
		1ED863D21D3390F000529094 /* MJRefreshBaseView.m in Sources */ = {isa = PBXBuildFile; fileRef = 1ED863C41D3390F000529094 /* MJRefreshBaseView.m */; };
		1ED863D31D3390F000529094 /* MJRefreshConst.m in Sources */ = {isa = PBXBuildFile; fileRef = 1ED863C61D3390F000529094 /* MJRefreshConst.m */; };
		1ED863D41D3390F000529094 /* MJRefreshFooterView.m in Sources */ = {isa = PBXBuildFile; fileRef = 1ED863C81D3390F000529094 /* MJRefreshFooterView.m */; };
		1ED863D51D3390F000529094 /* MJRefreshHeaderView.m in Sources */ = {isa = PBXBuildFile; fileRef = 1ED863CA1D3390F000529094 /* MJRefreshHeaderView.m */; };
		1ED863D61D3390F000529094 /* UIScrollView+MJExtension.m in Sources */ = {isa = PBXBuildFile; fileRef = 1ED863CC1D3390F000529094 /* UIScrollView+MJExtension.m */; };
		1ED863D71D3390F000529094 /* UIScrollView+MJRefresh.m in Sources */ = {isa = PBXBuildFile; fileRef = 1ED863CE1D3390F000529094 /* UIScrollView+MJRefresh.m */; };
		1ED863D81D3390F000529094 /* UIView+MJExtension.m in Sources */ = {isa = PBXBuildFile; fileRef = 1ED863D01D3390F000529094 /* UIView+MJExtension.m */; };
		1ED863DB1D349ABA00529094 /* YBZChangeLanguageCell.m in Sources */ = {isa = PBXBuildFile; fileRef = 1ED863DA1D349ABA00529094 /* YBZChangeLanguageCell.m */; };
		1ED863DE1D34D67500529094 /* YBZChangeLanguageInfo.m in Sources */ = {isa = PBXBuildFile; fileRef = 1ED863DD1D34D67500529094 /* YBZChangeLanguageInfo.m */; };
		1ED863E91D38868500529094 /* YBZAreaCodeViewController.m in Sources */ = {isa = PBXBuildFile; fileRef = 1ED863E31D38868500529094 /* YBZAreaCodeViewController.m */; };
		1ED863EA1D38868500529094 /* YBZSingleCodeCell.m in Sources */ = {isa = PBXBuildFile; fileRef = 1ED863E41D38868500529094 /* YBZSingleCodeCell.m */; };
		1ED863EB1D38868500529094 /* YBZSingleCodeInfo.m in Sources */ = {isa = PBXBuildFile; fileRef = 1ED863E71D38868500529094 /* YBZSingleCodeInfo.m */; };
		1ED863EE1D3887E200529094 /* UITextField+Validator.m in Sources */ = {isa = PBXBuildFile; fileRef = 1ED863ED1D3887E200529094 /* UITextField+Validator.m */; };
		1ED863F11D38884E00529094 /* UIBarButtonItem+YBZBarButtonItem.m in Sources */ = {isa = PBXBuildFile; fileRef = 1ED863F01D38884E00529094 /* UIBarButtonItem+YBZBarButtonItem.m */; };
		A03ED0571D2DE20800BD9C0A /* main.m in Sources */ = {isa = PBXBuildFile; fileRef = A03ED0561D2DE20800BD9C0A /* main.m */; };
		A03ED05A1D2DE20800BD9C0A /* AppDelegate.m in Sources */ = {isa = PBXBuildFile; fileRef = A03ED0591D2DE20800BD9C0A /* AppDelegate.m */; };
		A03ED0601D2DE20800BD9C0A /* Main.storyboard in Resources */ = {isa = PBXBuildFile; fileRef = A03ED05E1D2DE20800BD9C0A /* Main.storyboard */; };
		A03ED0621D2DE20800BD9C0A /* Assets.xcassets in Resources */ = {isa = PBXBuildFile; fileRef = A03ED0611D2DE20800BD9C0A /* Assets.xcassets */; };
		A03ED0651D2DE20800BD9C0A /* LaunchScreen.storyboard in Resources */ = {isa = PBXBuildFile; fileRef = A03ED0631D2DE20800BD9C0A /* LaunchScreen.storyboard */; };
		A03ED0701D2DE20800BD9C0A /* YBZTravelTests.m in Sources */ = {isa = PBXBuildFile; fileRef = A03ED06F1D2DE20800BD9C0A /* YBZTravelTests.m */; };
		A03ED07B1D2DE20800BD9C0A /* YBZTravelUITests.m in Sources */ = {isa = PBXBuildFile; fileRef = A03ED07A1D2DE20800BD9C0A /* YBZTravelUITests.m */; };
		A03ED0A11D2DE46F00BD9C0A /* YBZBaseNaviController.m in Sources */ = {isa = PBXBuildFile; fileRef = A03ED0A01D2DE46F00BD9C0A /* YBZBaseNaviController.m */; };
		A03ED0A41D2DE49600BD9C0A /* YBZBaseViewController.m in Sources */ = {isa = PBXBuildFile; fileRef = A03ED0A31D2DE49600BD9C0A /* YBZBaseViewController.m */; };
		A03ED0A71D2DE4BA00BD9C0A /* YBZRootViewController.m in Sources */ = {isa = PBXBuildFile; fileRef = A03ED0A61D2DE4BA00BD9C0A /* YBZRootViewController.m */; };
		A03ED0B61D2DE9D200BD9C0A /* YBZTranslationController.m in Sources */ = {isa = PBXBuildFile; fileRef = A03ED0B51D2DE9D200BD9C0A /* YBZTranslationController.m */; };
		A03ED0B91D2DEA0C00BD9C0A /* YBZFreeTravelController.m in Sources */ = {isa = PBXBuildFile; fileRef = A03ED0B81D2DEA0C00BD9C0A /* YBZFreeTravelController.m */; };
		A03ED0BF1D2DF1A100BD9C0A /* YBZFreeTranslationViewController.m in Sources */ = {isa = PBXBuildFile; fileRef = A03ED0BE1D2DF1A100BD9C0A /* YBZFreeTranslationViewController.m */; };
		A03ED0C21D2DF1BE00BD9C0A /* YBZInterpretViewController.m in Sources */ = {isa = PBXBuildFile; fileRef = A03ED0C11D2DF1BE00BD9C0A /* YBZInterpretViewController.m */; };
		A03ED0C51D2DF33A00BD9C0A /* YBZLoginViewController.m in Sources */ = {isa = PBXBuildFile; fileRef = A03ED0C41D2DF33A00BD9C0A /* YBZLoginViewController.m */; };
		A03ED0C81D2DF7E700BD9C0A /* YBZChangeLanguageViewController.m in Sources */ = {isa = PBXBuildFile; fileRef = A03ED0C71D2DF7E700BD9C0A /* YBZChangeLanguageViewController.m */; };
		A03ED0CF1D2E088300BD9C0A /* YBZUserInfoViewController.m in Sources */ = {isa = PBXBuildFile; fileRef = A03ED0CE1D2E088300BD9C0A /* YBZUserInfoViewController.m */; };
		A03ED0D21D2E089C00BD9C0A /* YBZUserOrderViewController.m in Sources */ = {isa = PBXBuildFile; fileRef = A03ED0D11D2E089C00BD9C0A /* YBZUserOrderViewController.m */; };
		A03ED0D51D2E08AD00BD9C0A /* YBZUserFavoriteViewController.m in Sources */ = {isa = PBXBuildFile; fileRef = A03ED0D41D2E08AD00BD9C0A /* YBZUserFavoriteViewController.m */; };
		A03ED0D91D2E0ACA00BD9C0A /* YBZUserEwalletsViewController.m in Sources */ = {isa = PBXBuildFile; fileRef = A03ED0D81D2E0ACA00BD9C0A /* YBZUserEwalletsViewController.m */; };
		A03ED0DF1D2E2A9700BD9C0A /* YBZRegisterViewController.m in Sources */ = {isa = PBXBuildFile; fileRef = A03ED0DE1D2E2A9700BD9C0A /* YBZRegisterViewController.m */; };
		A03ED0E21D2E2AA400BD9C0A /* YBZFindKeyViewController.m in Sources */ = {isa = PBXBuildFile; fileRef = A03ED0E11D2E2AA400BD9C0A /* YBZFindKeyViewController.m */; };
		A03ED0E51D2E2B2300BD9C0A /* YBZTranslaterSelectLanguageViewController.m in Sources */ = {isa = PBXBuildFile; fileRef = A03ED0E41D2E2B2300BD9C0A /* YBZTranslaterSelectLanguageViewController.m */; };
		A03ED0F31D2E3EF500BD9C0A /* YBZProductListViewController.m in Sources */ = {isa = PBXBuildFile; fileRef = A03ED0F21D2E3EF500BD9C0A /* YBZProductListViewController.m */; };
		A03ED0F61D2E3F1700BD9C0A /* YBZProductDetailInfoViewController.m in Sources */ = {isa = PBXBuildFile; fileRef = A03ED0F51D2E3F1700BD9C0A /* YBZProductDetailInfoViewController.m */; };
		A0532C761D38C32200FC1AB1 /* UserSetoutTableViewCell.m in Sources */ = {isa = PBXBuildFile; fileRef = A0532C6F1D38C32200FC1AB1 /* UserSetoutTableViewCell.m */; settings = {ASSET_TAGS = (); }; };
		A0532C771D38C32200FC1AB1 /* UserSetoutTableViewCell.xib in Resources */ = {isa = PBXBuildFile; fileRef = A0532C701D38C32200FC1AB1 /* UserSetoutTableViewCell.xib */; settings = {ASSET_TAGS = (); }; };
		A0532C781D38C32200FC1AB1 /* UserSetTableViewCell.m in Sources */ = {isa = PBXBuildFile; fileRef = A0532C721D38C32200FC1AB1 /* UserSetTableViewCell.m */; settings = {ASSET_TAGS = (); }; };
		A0532C791D38C32200FC1AB1 /* UserSetTableViewCell.xib in Resources */ = {isa = PBXBuildFile; fileRef = A0532C731D38C32200FC1AB1 /* UserSetTableViewCell.xib */; settings = {ASSET_TAGS = (); }; };
		A0532C7A1D38C32200FC1AB1 /* UserSetViewController.m in Sources */ = {isa = PBXBuildFile; fileRef = A0532C751D38C32200FC1AB1 /* UserSetViewController.m */; settings = {ASSET_TAGS = (); }; };
		A0532C841D38C3F600FC1AB1 /* AccountAndSafeOtherTableViewCell.m in Sources */ = {isa = PBXBuildFile; fileRef = A0532C7D1D38C3F600FC1AB1 /* AccountAndSafeOtherTableViewCell.m */; settings = {ASSET_TAGS = (); }; };
		A0532C851D38C3F600FC1AB1 /* AccountAndSafeOtherTableViewCell.xib in Resources */ = {isa = PBXBuildFile; fileRef = A0532C7E1D38C3F600FC1AB1 /* AccountAndSafeOtherTableViewCell.xib */; settings = {ASSET_TAGS = (); }; };
		A0532C861D38C3F600FC1AB1 /* AccountAndSafeViewController.m in Sources */ = {isa = PBXBuildFile; fileRef = A0532C801D38C3F600FC1AB1 /* AccountAndSafeViewController.m */; settings = {ASSET_TAGS = (); }; };
		A0532C871D38C3F600FC1AB1 /* AccountTableViewCell.m in Sources */ = {isa = PBXBuildFile; fileRef = A0532C821D38C3F600FC1AB1 /* AccountTableViewCell.m */; settings = {ASSET_TAGS = (); }; };
		A0532C881D38C3F600FC1AB1 /* AccountTableViewCell.xib in Resources */ = {isa = PBXBuildFile; fileRef = A0532C831D38C3F600FC1AB1 /* AccountTableViewCell.xib */; settings = {ASSET_TAGS = (); }; };
		A0532C941D38C6B400FC1AB1 /* CellFramInfo.m in Sources */ = {isa = PBXBuildFile; fileRef = A0532C8C1D38C6B400FC1AB1 /* CellFramInfo.m */; settings = {ASSET_TAGS = (); }; };
		A0532C951D38C6B400FC1AB1 /* CustomInfoCell.m in Sources */ = {isa = PBXBuildFile; fileRef = A0532C8E1D38C6B400FC1AB1 /* CustomInfoCell.m */; settings = {ASSET_TAGS = (); }; };
		A0532C961D38C6B400FC1AB1 /* CustomInfoCell.xib in Resources */ = {isa = PBXBuildFile; fileRef = A0532C8F1D38C6B400FC1AB1 /* CustomInfoCell.xib */; settings = {ASSET_TAGS = (); }; };
		A0532C971D38C6B400FC1AB1 /* EditViewController.m in Sources */ = {isa = PBXBuildFile; fileRef = A0532C911D38C6B400FC1AB1 /* EditViewController.m */; settings = {ASSET_TAGS = (); }; };
		A0532C981D38C6B400FC1AB1 /* InformationModel.m in Sources */ = {isa = PBXBuildFile; fileRef = A0532C931D38C6B400FC1AB1 /* InformationModel.m */; settings = {ASSET_TAGS = (); }; };
		A0532CA41D38C9EB00FC1AB1 /* matter.m in Sources */ = {isa = PBXBuildFile; fileRef = A0532CA11D38C9EB00FC1AB1 /* matter.m */; settings = {ASSET_TAGS = (); }; };
		A0532CA51D38C9EB00FC1AB1 /* HelpViewController.m in Sources */ = {isa = PBXBuildFile; fileRef = A0532CA31D38C9EB00FC1AB1 /* HelpViewController.m */; settings = {ASSET_TAGS = (); }; };
		A0532CAB1D38CB3700FC1AB1 /* AboutViewController.m in Sources */ = {isa = PBXBuildFile; fileRef = A0532CA81D38CB3700FC1AB1 /* AboutViewController.m */; settings = {ASSET_TAGS = (); }; };
		A0532CAC1D38CB3700FC1AB1 /* SecondViewController.m in Sources */ = {isa = PBXBuildFile; fileRef = A0532CAA1D38CB3700FC1AB1 /* SecondViewController.m */; settings = {ASSET_TAGS = (); }; };
		A0532CB61D38CF8E00FC1AB1 /* CellFrameInfo.m in Sources */ = {isa = PBXBuildFile; fileRef = A0532CAE1D38CF8E00FC1AB1 /* CellFrameInfo.m */; settings = {ASSET_TAGS = (); }; };
		A0532CB71D38CF8E00FC1AB1 /* EvaluatePeopleCell.m in Sources */ = {isa = PBXBuildFile; fileRef = A0532CB01D38CF8E00FC1AB1 /* EvaluatePeopleCell.m */; settings = {ASSET_TAGS = (); }; };
		A0532CB81D38CF8E00FC1AB1 /* EvaluatePeopleCell.xib in Resources */ = {isa = PBXBuildFile; fileRef = A0532CB11D38CF8E00FC1AB1 /* EvaluatePeopleCell.xib */; settings = {ASSET_TAGS = (); }; };
		A0532CB91D38CF8E00FC1AB1 /* FeedBackViewController.m in Sources */ = {isa = PBXBuildFile; fileRef = A0532CB31D38CF8E00FC1AB1 /* FeedBackViewController.m */; settings = {ASSET_TAGS = (); }; };
		A0532CBA1D38CF8E00FC1AB1 /* PeoPle.m in Sources */ = {isa = PBXBuildFile; fileRef = A0532CB51D38CF8E00FC1AB1 /* PeoPle.m */; settings = {ASSET_TAGS = (); }; };
		A0532CC31D38D03E00FC1AB1 /* GTStarsScore.m in Sources */ = {isa = PBXBuildFile; fileRef = A0532CBE1D38D03E00FC1AB1 /* GTStarsScore.m */; settings = {ASSET_TAGS = (); }; };
		A0532CC41D38D03E00FC1AB1 /* star_gray.png in Resources */ = {isa = PBXBuildFile; fileRef = A0532CBF1D38D03E00FC1AB1 /* star_gray.png */; settings = {ASSET_TAGS = (); }; };
		A0532CC51D38D03E00FC1AB1 /* star_yellow.png in Resources */ = {isa = PBXBuildFile; fileRef = A0532CC01D38D03E00FC1AB1 /* star_yellow.png */; settings = {ASSET_TAGS = (); }; };
		A0532CC61D38D03E00FC1AB1 /* UIView+Extention.m in Sources */ = {isa = PBXBuildFile; fileRef = A0532CC21D38D03E00FC1AB1 /* UIView+Extention.m */; settings = {ASSET_TAGS = (); }; };
		A0532CCC1D38D4FE00FC1AB1 /* UserTableViewCell.m in Sources */ = {isa = PBXBuildFile; fileRef = A0532CC81D38D4FE00FC1AB1 /* UserTableViewCell.m */; settings = {ASSET_TAGS = (); }; };
		A0532CCD1D38D4FE00FC1AB1 /* UserTableViewCell.xib in Resources */ = {isa = PBXBuildFile; fileRef = A0532CC91D38D4FE00FC1AB1 /* UserTableViewCell.xib */; settings = {ASSET_TAGS = (); }; };
		A0532CCE1D38D4FE00FC1AB1 /* UserViewController.m in Sources */ = {isa = PBXBuildFile; fileRef = A0532CCB1D38D4FE00FC1AB1 /* UserViewController.m */; settings = {ASSET_TAGS = (); }; };
		A0532CD11D38D7BA00FC1AB1 /* PersonalSignatureVC.m in Sources */ = {isa = PBXBuildFile; fileRef = A0532CD01D38D7BA00FC1AB1 /* PersonalSignatureVC.m */; settings = {ASSET_TAGS = (); }; };
		A0532CD41D38D7D300FC1AB1 /* PickAvatarImage.m in Sources */ = {isa = PBXBuildFile; fileRef = A0532CD31D38D7D300FC1AB1 /* PickAvatarImage.m */; settings = {ASSET_TAGS = (); }; };
		A0552EB31D3A163C00E04D7A /* NIChengViewController.m in Sources */ = {isa = PBXBuildFile; fileRef = A0552EB01D3A163C00E04D7A /* NIChengViewController.m */; settings = {ASSET_TAGS = (); }; };
		A0552EB41D3A163C00E04D7A /* ASBirthSelectSheet.m in Sources */ = {isa = PBXBuildFile; fileRef = A0552EB11D3A163C00E04D7A /* ASBirthSelectSheet.m */; settings = {ASSET_TAGS = (); }; };
		A0552EB71D3A166A00E04D7A /* FreeTravelViewController.m in Sources */ = {isa = PBXBuildFile; fileRef = A0552EB51D3A166A00E04D7A /* FreeTravelViewController.m */; settings = {ASSET_TAGS = (); }; };
		A0552ECD1D3A2C8C00E04D7A /* LocationPlaceModel.m in Sources */ = {isa = PBXBuildFile; fileRef = A0552EB91D3A2C8C00E04D7A /* LocationPlaceModel.m */; settings = {ASSET_TAGS = (); }; };
		A0552ECE1D3A2C8C00E04D7A /* LocationViewController.m in Sources */ = {isa = PBXBuildFile; fileRef = A0552EBB1D3A2C8C00E04D7A /* LocationViewController.m */; settings = {ASSET_TAGS = (); }; };
		A0552ECF1D3A2C8C00E04D7A /* LocCellFrameInfo.m in Sources */ = {isa = PBXBuildFile; fileRef = A0552EBD1D3A2C8C00E04D7A /* LocCellFrameInfo.m */; settings = {ASSET_TAGS = (); }; };
		A0552ED01D3A2C8C00E04D7A /* LocMessageInfoCell.m in Sources */ = {isa = PBXBuildFile; fileRef = A0552EBF1D3A2C8C00E04D7A /* LocMessageInfoCell.m */; settings = {ASSET_TAGS = (); }; };
		A0552ED11D3A2C8C00E04D7A /* LocMessageInfoCell.xib in Resources */ = {isa = PBXBuildFile; fileRef = A0552EC01D3A2C8C00E04D7A /* LocMessageInfoCell.xib */; settings = {ASSET_TAGS = (); }; };
		A0552ED51D3A2C8C00E04D7A /* PlaceNameModel.m in Sources */ = {isa = PBXBuildFile; fileRef = A0552EC71D3A2C8C00E04D7A /* PlaceNameModel.m */; settings = {ASSET_TAGS = (); }; };
		A0552ED61D3A2C8C00E04D7A /* SelectedCellFrameInfo.m in Sources */ = {isa = PBXBuildFile; fileRef = A0552EC91D3A2C8C00E04D7A /* SelectedCellFrameInfo.m */; settings = {ASSET_TAGS = (); }; };
		A0552ED71D3A2C8C00E04D7A /* SelectedMessageInfoCell.m in Sources */ = {isa = PBXBuildFile; fileRef = A0552ECB1D3A2C8C00E04D7A /* SelectedMessageInfoCell.m */; settings = {ASSET_TAGS = (); }; };
		A0552ED81D3A2C8C00E04D7A /* SelectedMessageInfoCell.xib in Resources */ = {isa = PBXBuildFile; fileRef = A0552ECC1D3A2C8C00E04D7A /* SelectedMessageInfoCell.xib */; settings = {ASSET_TAGS = (); }; };
/* End PBXBuildFile section */

/* Begin PBXContainerItemProxy section */
		A03ED06C1D2DE20800BD9C0A /* PBXContainerItemProxy */ = {
			isa = PBXContainerItemProxy;
			containerPortal = A03ED04A1D2DE20700BD9C0A /* Project object */;
			proxyType = 1;
			remoteGlobalIDString = A03ED0511D2DE20700BD9C0A;
			remoteInfo = YBZTravel;
		};
		A03ED0771D2DE20800BD9C0A /* PBXContainerItemProxy */ = {
			isa = PBXContainerItemProxy;
			containerPortal = A03ED04A1D2DE20700BD9C0A /* Project object */;
			proxyType = 1;
			remoteGlobalIDString = A03ED0511D2DE20700BD9C0A;
			remoteInfo = YBZTravel;
		};
/* End PBXContainerItemProxy section */

/* Begin PBXFileReference section */
		1ED862EB1D2F39DD00529094 /* AFViewShaker.h */ = {isa = PBXFileReference; fileEncoding = 4; lastKnownFileType = sourcecode.c.h; path = AFViewShaker.h; sourceTree = "<group>"; };
		1ED862EC1D2F39DD00529094 /* AFViewShaker.m */ = {isa = PBXFileReference; fileEncoding = 4; lastKnownFileType = sourcecode.c.objc; path = AFViewShaker.m; sourceTree = "<group>"; };
		1ED862EE1D2F39DD00529094 /* Info.plist */ = {isa = PBXFileReference; fileEncoding = 4; lastKnownFileType = text.plist.xml; path = Info.plist; sourceTree = "<group>"; };
		1ED862EF1D2F39DD00529094 /* MASCompositeConstraint.h */ = {isa = PBXFileReference; fileEncoding = 4; lastKnownFileType = sourcecode.c.h; path = MASCompositeConstraint.h; sourceTree = "<group>"; };
		1ED862F01D2F39DD00529094 /* MASCompositeConstraint.m */ = {isa = PBXFileReference; fileEncoding = 4; lastKnownFileType = sourcecode.c.objc; path = MASCompositeConstraint.m; sourceTree = "<group>"; };
		1ED862F11D2F39DD00529094 /* MASConstraint+Private.h */ = {isa = PBXFileReference; fileEncoding = 4; lastKnownFileType = sourcecode.c.h; path = "MASConstraint+Private.h"; sourceTree = "<group>"; };
		1ED862F21D2F39DD00529094 /* MASConstraint.h */ = {isa = PBXFileReference; fileEncoding = 4; lastKnownFileType = sourcecode.c.h; path = MASConstraint.h; sourceTree = "<group>"; };
		1ED862F31D2F39DD00529094 /* MASConstraint.m */ = {isa = PBXFileReference; fileEncoding = 4; lastKnownFileType = sourcecode.c.objc; path = MASConstraint.m; sourceTree = "<group>"; };
		1ED862F41D2F39DD00529094 /* MASConstraintMaker.h */ = {isa = PBXFileReference; fileEncoding = 4; lastKnownFileType = sourcecode.c.h; path = MASConstraintMaker.h; sourceTree = "<group>"; };
		1ED862F51D2F39DD00529094 /* MASConstraintMaker.m */ = {isa = PBXFileReference; fileEncoding = 4; lastKnownFileType = sourcecode.c.objc; path = MASConstraintMaker.m; sourceTree = "<group>"; };
		1ED862F61D2F39DD00529094 /* MASLayoutConstraint.h */ = {isa = PBXFileReference; fileEncoding = 4; lastKnownFileType = sourcecode.c.h; path = MASLayoutConstraint.h; sourceTree = "<group>"; };
		1ED862F71D2F39DD00529094 /* MASLayoutConstraint.m */ = {isa = PBXFileReference; fileEncoding = 4; lastKnownFileType = sourcecode.c.objc; path = MASLayoutConstraint.m; sourceTree = "<group>"; };
		1ED862F81D2F39DD00529094 /* Masonry.h */ = {isa = PBXFileReference; fileEncoding = 4; lastKnownFileType = sourcecode.c.h; path = Masonry.h; sourceTree = "<group>"; };
		1ED862F91D2F39DD00529094 /* MASUtilities.h */ = {isa = PBXFileReference; fileEncoding = 4; lastKnownFileType = sourcecode.c.h; path = MASUtilities.h; sourceTree = "<group>"; };
		1ED862FA1D2F39DD00529094 /* MASViewAttribute.h */ = {isa = PBXFileReference; fileEncoding = 4; lastKnownFileType = sourcecode.c.h; path = MASViewAttribute.h; sourceTree = "<group>"; };
		1ED862FB1D2F39DD00529094 /* MASViewAttribute.m */ = {isa = PBXFileReference; fileEncoding = 4; lastKnownFileType = sourcecode.c.objc; path = MASViewAttribute.m; sourceTree = "<group>"; };
		1ED862FC1D2F39DD00529094 /* MASViewConstraint.h */ = {isa = PBXFileReference; fileEncoding = 4; lastKnownFileType = sourcecode.c.h; path = MASViewConstraint.h; sourceTree = "<group>"; };
		1ED862FD1D2F39DD00529094 /* MASViewConstraint.m */ = {isa = PBXFileReference; fileEncoding = 4; lastKnownFileType = sourcecode.c.objc; path = MASViewConstraint.m; sourceTree = "<group>"; };
		1ED862FE1D2F39DD00529094 /* NSArray+MASAdditions.h */ = {isa = PBXFileReference; fileEncoding = 4; lastKnownFileType = sourcecode.c.h; path = "NSArray+MASAdditions.h"; sourceTree = "<group>"; };
		1ED862FF1D2F39DD00529094 /* NSArray+MASAdditions.m */ = {isa = PBXFileReference; fileEncoding = 4; lastKnownFileType = sourcecode.c.objc; path = "NSArray+MASAdditions.m"; sourceTree = "<group>"; };
		1ED863001D2F39DD00529094 /* NSArray+MASShorthandAdditions.h */ = {isa = PBXFileReference; fileEncoding = 4; lastKnownFileType = sourcecode.c.h; path = "NSArray+MASShorthandAdditions.h"; sourceTree = "<group>"; };
		1ED863011D2F39DD00529094 /* NSLayoutConstraint+MASDebugAdditions.h */ = {isa = PBXFileReference; fileEncoding = 4; lastKnownFileType = sourcecode.c.h; path = "NSLayoutConstraint+MASDebugAdditions.h"; sourceTree = "<group>"; };
		1ED863021D2F39DD00529094 /* NSLayoutConstraint+MASDebugAdditions.m */ = {isa = PBXFileReference; fileEncoding = 4; lastKnownFileType = sourcecode.c.objc; path = "NSLayoutConstraint+MASDebugAdditions.m"; sourceTree = "<group>"; };
		1ED863031D2F39DD00529094 /* View+MASAdditions.h */ = {isa = PBXFileReference; fileEncoding = 4; lastKnownFileType = sourcecode.c.h; path = "View+MASAdditions.h"; sourceTree = "<group>"; };
		1ED863041D2F39DD00529094 /* View+MASAdditions.m */ = {isa = PBXFileReference; fileEncoding = 4; lastKnownFileType = sourcecode.c.objc; path = "View+MASAdditions.m"; sourceTree = "<group>"; };
		1ED863051D2F39DD00529094 /* View+MASShorthandAdditions.h */ = {isa = PBXFileReference; fileEncoding = 4; lastKnownFileType = sourcecode.c.h; path = "View+MASShorthandAdditions.h"; sourceTree = "<group>"; };
		1ED863061D2F39DD00529094 /* ViewController+MASAdditions.h */ = {isa = PBXFileReference; fileEncoding = 4; lastKnownFileType = sourcecode.c.h; path = "ViewController+MASAdditions.h"; sourceTree = "<group>"; };
		1ED863071D2F39DD00529094 /* ViewController+MASAdditions.m */ = {isa = PBXFileReference; fileEncoding = 4; lastKnownFileType = sourcecode.c.objc; path = "ViewController+MASAdditions.m"; sourceTree = "<group>"; };
		1ED863171D2F499200529094 /* PrefixHeader.pch */ = {isa = PBXFileReference; lastKnownFileType = sourcecode.c.h; path = PrefixHeader.pch; sourceTree = "<group>"; };
		1ED863181D2F839F00529094 /* YBZPopularViewCell.h */ = {isa = PBXFileReference; fileEncoding = 4; lastKnownFileType = sourcecode.c.h; path = YBZPopularViewCell.h; sourceTree = "<group>"; };
		1ED863191D2F839F00529094 /* YBZPopularViewCell.m */ = {isa = PBXFileReference; fileEncoding = 4; lastKnownFileType = sourcecode.c.objc; path = YBZPopularViewCell.m; sourceTree = "<group>"; };
		1ED8631A1D2F839F00529094 /* YBZPopularViewCell.xib */ = {isa = PBXFileReference; fileEncoding = 4; lastKnownFileType = file.xib; path = YBZPopularViewCell.xib; sourceTree = "<group>"; };
		1ED8631D1D2F8DA500529094 /* YBZPopularFrameInfo.h */ = {isa = PBXFileReference; fileEncoding = 4; lastKnownFileType = sourcecode.c.h; path = YBZPopularFrameInfo.h; sourceTree = "<group>"; };
		1ED8631E1D2F8DA500529094 /* YBZPopularFrameInfo.m */ = {isa = PBXFileReference; fileEncoding = 4; lastKnownFileType = sourcecode.c.objc; path = YBZPopularFrameInfo.m; sourceTree = "<group>"; };
		1ED863621D3347F500529094 /* SYTableFooterView.h */ = {isa = PBXFileReference; fileEncoding = 4; lastKnownFileType = sourcecode.c.h; path = SYTableFooterView.h; sourceTree = "<group>"; };
		1ED863631D3347F500529094 /* SYTableFooterView.m */ = {isa = PBXFileReference; fileEncoding = 4; lastKnownFileType = sourcecode.c.objc; path = SYTableFooterView.m; sourceTree = "<group>"; };
		1ED863641D3347F500529094 /* SYTableFooterView.xib */ = {isa = PBXFileReference; fileEncoding = 4; lastKnownFileType = file.xib; path = SYTableFooterView.xib; sourceTree = "<group>"; };
		1ED863651D3347F500529094 /* SYTableHeaderView.h */ = {isa = PBXFileReference; fileEncoding = 4; lastKnownFileType = sourcecode.c.h; path = SYTableHeaderView.h; sourceTree = "<group>"; };
		1ED863661D3347F500529094 /* SYTableHeaderView.m */ = {isa = PBXFileReference; fileEncoding = 4; lastKnownFileType = sourcecode.c.objc; path = SYTableHeaderView.m; sourceTree = "<group>"; };
		1ED863671D3347F500529094 /* SYTableHeaderView.xib */ = {isa = PBXFileReference; fileEncoding = 4; lastKnownFileType = file.xib; path = SYTableHeaderView.xib; sourceTree = "<group>"; };
		1ED863681D3347F500529094 /* SYTableViewController.h */ = {isa = PBXFileReference; fileEncoding = 4; lastKnownFileType = sourcecode.c.h; path = SYTableViewController.h; sourceTree = "<group>"; };
		1ED863691D3347F500529094 /* SYTableViewController.m */ = {isa = PBXFileReference; fileEncoding = 4; lastKnownFileType = sourcecode.c.objc; path = SYTableViewController.m; sourceTree = "<group>"; };
		1ED863C11D3390F000529094 /* MJRefresh.bundle */ = {isa = PBXFileReference; lastKnownFileType = "wrapper.plug-in"; path = MJRefresh.bundle; sourceTree = "<group>"; };
		1ED863C21D3390F000529094 /* MJRefresh.h */ = {isa = PBXFileReference; fileEncoding = 4; lastKnownFileType = sourcecode.c.h; path = MJRefresh.h; sourceTree = "<group>"; };
		1ED863C31D3390F000529094 /* MJRefreshBaseView.h */ = {isa = PBXFileReference; fileEncoding = 4; lastKnownFileType = sourcecode.c.h; path = MJRefreshBaseView.h; sourceTree = "<group>"; };
		1ED863C41D3390F000529094 /* MJRefreshBaseView.m */ = {isa = PBXFileReference; fileEncoding = 4; lastKnownFileType = sourcecode.c.objc; path = MJRefreshBaseView.m; sourceTree = "<group>"; };
		1ED863C51D3390F000529094 /* MJRefreshConst.h */ = {isa = PBXFileReference; fileEncoding = 4; lastKnownFileType = sourcecode.c.h; path = MJRefreshConst.h; sourceTree = "<group>"; };
		1ED863C61D3390F000529094 /* MJRefreshConst.m */ = {isa = PBXFileReference; fileEncoding = 4; lastKnownFileType = sourcecode.c.objc; path = MJRefreshConst.m; sourceTree = "<group>"; };
		1ED863C71D3390F000529094 /* MJRefreshFooterView.h */ = {isa = PBXFileReference; fileEncoding = 4; lastKnownFileType = sourcecode.c.h; path = MJRefreshFooterView.h; sourceTree = "<group>"; };
		1ED863C81D3390F000529094 /* MJRefreshFooterView.m */ = {isa = PBXFileReference; fileEncoding = 4; lastKnownFileType = sourcecode.c.objc; path = MJRefreshFooterView.m; sourceTree = "<group>"; };
		1ED863C91D3390F000529094 /* MJRefreshHeaderView.h */ = {isa = PBXFileReference; fileEncoding = 4; lastKnownFileType = sourcecode.c.h; path = MJRefreshHeaderView.h; sourceTree = "<group>"; };
		1ED863CA1D3390F000529094 /* MJRefreshHeaderView.m */ = {isa = PBXFileReference; fileEncoding = 4; lastKnownFileType = sourcecode.c.objc; path = MJRefreshHeaderView.m; sourceTree = "<group>"; };
		1ED863CB1D3390F000529094 /* UIScrollView+MJExtension.h */ = {isa = PBXFileReference; fileEncoding = 4; lastKnownFileType = sourcecode.c.h; path = "UIScrollView+MJExtension.h"; sourceTree = "<group>"; };
		1ED863CC1D3390F000529094 /* UIScrollView+MJExtension.m */ = {isa = PBXFileReference; fileEncoding = 4; lastKnownFileType = sourcecode.c.objc; path = "UIScrollView+MJExtension.m"; sourceTree = "<group>"; };
		1ED863CD1D3390F000529094 /* UIScrollView+MJRefresh.h */ = {isa = PBXFileReference; fileEncoding = 4; lastKnownFileType = sourcecode.c.h; path = "UIScrollView+MJRefresh.h"; sourceTree = "<group>"; };
		1ED863CE1D3390F000529094 /* UIScrollView+MJRefresh.m */ = {isa = PBXFileReference; fileEncoding = 4; lastKnownFileType = sourcecode.c.objc; path = "UIScrollView+MJRefresh.m"; sourceTree = "<group>"; };
		1ED863CF1D3390F000529094 /* UIView+MJExtension.h */ = {isa = PBXFileReference; fileEncoding = 4; lastKnownFileType = sourcecode.c.h; path = "UIView+MJExtension.h"; sourceTree = "<group>"; };
		1ED863D01D3390F000529094 /* UIView+MJExtension.m */ = {isa = PBXFileReference; fileEncoding = 4; lastKnownFileType = sourcecode.c.objc; path = "UIView+MJExtension.m"; sourceTree = "<group>"; };
		1ED863D91D349ABA00529094 /* YBZChangeLanguageCell.h */ = {isa = PBXFileReference; fileEncoding = 4; lastKnownFileType = sourcecode.c.h; path = YBZChangeLanguageCell.h; sourceTree = "<group>"; };
		1ED863DA1D349ABA00529094 /* YBZChangeLanguageCell.m */ = {isa = PBXFileReference; fileEncoding = 4; lastKnownFileType = sourcecode.c.objc; path = YBZChangeLanguageCell.m; sourceTree = "<group>"; };
		1ED863DC1D34D67500529094 /* YBZChangeLanguageInfo.h */ = {isa = PBXFileReference; fileEncoding = 4; lastKnownFileType = sourcecode.c.h; path = YBZChangeLanguageInfo.h; sourceTree = "<group>"; };
		1ED863DD1D34D67500529094 /* YBZChangeLanguageInfo.m */ = {isa = PBXFileReference; fileEncoding = 4; lastKnownFileType = sourcecode.c.objc; path = YBZChangeLanguageInfo.m; sourceTree = "<group>"; };
		1ED863E31D38868500529094 /* YBZAreaCodeViewController.m */ = {isa = PBXFileReference; fileEncoding = 4; lastKnownFileType = sourcecode.c.objc; path = YBZAreaCodeViewController.m; sourceTree = "<group>"; };
		1ED863E41D38868500529094 /* YBZSingleCodeCell.m */ = {isa = PBXFileReference; fileEncoding = 4; lastKnownFileType = sourcecode.c.objc; path = YBZSingleCodeCell.m; sourceTree = "<group>"; };
		1ED863E51D38868500529094 /* YBZAreaCodeViewController.h */ = {isa = PBXFileReference; fileEncoding = 4; lastKnownFileType = sourcecode.c.h; path = YBZAreaCodeViewController.h; sourceTree = "<group>"; };
		1ED863E61D38868500529094 /* YBZSingleCodeCell.h */ = {isa = PBXFileReference; fileEncoding = 4; lastKnownFileType = sourcecode.c.h; path = YBZSingleCodeCell.h; sourceTree = "<group>"; };
		1ED863E71D38868500529094 /* YBZSingleCodeInfo.m */ = {isa = PBXFileReference; fileEncoding = 4; lastKnownFileType = sourcecode.c.objc; path = YBZSingleCodeInfo.m; sourceTree = "<group>"; };
		1ED863E81D38868500529094 /* YBZSingleCodeInfo.h */ = {isa = PBXFileReference; fileEncoding = 4; lastKnownFileType = sourcecode.c.h; path = YBZSingleCodeInfo.h; sourceTree = "<group>"; };
		1ED863EC1D3887E200529094 /* UITextField+Validator.h */ = {isa = PBXFileReference; fileEncoding = 4; lastKnownFileType = sourcecode.c.h; path = "UITextField+Validator.h"; sourceTree = "<group>"; };
		1ED863ED1D3887E200529094 /* UITextField+Validator.m */ = {isa = PBXFileReference; fileEncoding = 4; lastKnownFileType = sourcecode.c.objc; path = "UITextField+Validator.m"; sourceTree = "<group>"; };
		1ED863EF1D38884E00529094 /* UIBarButtonItem+YBZBarButtonItem.h */ = {isa = PBXFileReference; fileEncoding = 4; lastKnownFileType = sourcecode.c.h; path = "UIBarButtonItem+YBZBarButtonItem.h"; sourceTree = "<group>"; };
		1ED863F01D38884E00529094 /* UIBarButtonItem+YBZBarButtonItem.m */ = {isa = PBXFileReference; fileEncoding = 4; lastKnownFileType = sourcecode.c.objc; path = "UIBarButtonItem+YBZBarButtonItem.m"; sourceTree = "<group>"; };
		A03ED0521D2DE20700BD9C0A /* YBZTravel.app */ = {isa = PBXFileReference; explicitFileType = wrapper.application; includeInIndex = 0; path = YBZTravel.app; sourceTree = BUILT_PRODUCTS_DIR; };
		A03ED0561D2DE20800BD9C0A /* main.m */ = {isa = PBXFileReference; lastKnownFileType = sourcecode.c.objc; path = main.m; sourceTree = "<group>"; };
		A03ED0581D2DE20800BD9C0A /* AppDelegate.h */ = {isa = PBXFileReference; lastKnownFileType = sourcecode.c.h; name = AppDelegate.h; path = YBZTravel/AppDelegate.h; sourceTree = "<group>"; };
		A03ED0591D2DE20800BD9C0A /* AppDelegate.m */ = {isa = PBXFileReference; lastKnownFileType = sourcecode.c.objc; name = AppDelegate.m; path = YBZTravel/AppDelegate.m; sourceTree = "<group>"; };
		A03ED05F1D2DE20800BD9C0A /* Base */ = {isa = PBXFileReference; lastKnownFileType = file.storyboard; name = Base; path = Base.lproj/Main.storyboard; sourceTree = "<group>"; };
		A03ED0611D2DE20800BD9C0A /* Assets.xcassets */ = {isa = PBXFileReference; lastKnownFileType = folder.assetcatalog; path = Assets.xcassets; sourceTree = "<group>"; };
		A03ED0641D2DE20800BD9C0A /* Base */ = {isa = PBXFileReference; lastKnownFileType = file.storyboard; name = Base; path = Base.lproj/LaunchScreen.storyboard; sourceTree = "<group>"; };
		A03ED0661D2DE20800BD9C0A /* Info.plist */ = {isa = PBXFileReference; lastKnownFileType = text.plist.xml; path = Info.plist; sourceTree = "<group>"; };
		A03ED06B1D2DE20800BD9C0A /* YBZTravelTests.xctest */ = {isa = PBXFileReference; explicitFileType = wrapper.cfbundle; includeInIndex = 0; path = YBZTravelTests.xctest; sourceTree = BUILT_PRODUCTS_DIR; };
		A03ED06F1D2DE20800BD9C0A /* YBZTravelTests.m */ = {isa = PBXFileReference; lastKnownFileType = sourcecode.c.objc; path = YBZTravelTests.m; sourceTree = "<group>"; };
		A03ED0711D2DE20800BD9C0A /* Info.plist */ = {isa = PBXFileReference; lastKnownFileType = text.plist.xml; path = Info.plist; sourceTree = "<group>"; };
		A03ED0761D2DE20800BD9C0A /* YBZTravelUITests.xctest */ = {isa = PBXFileReference; explicitFileType = wrapper.cfbundle; includeInIndex = 0; path = YBZTravelUITests.xctest; sourceTree = BUILT_PRODUCTS_DIR; };
		A03ED07A1D2DE20800BD9C0A /* YBZTravelUITests.m */ = {isa = PBXFileReference; lastKnownFileType = sourcecode.c.objc; path = YBZTravelUITests.m; sourceTree = "<group>"; };
		A03ED07C1D2DE20800BD9C0A /* Info.plist */ = {isa = PBXFileReference; lastKnownFileType = text.plist.xml; path = Info.plist; sourceTree = "<group>"; };
		A03ED09F1D2DE46F00BD9C0A /* YBZBaseNaviController.h */ = {isa = PBXFileReference; fileEncoding = 4; lastKnownFileType = sourcecode.c.h; path = YBZBaseNaviController.h; sourceTree = "<group>"; };
		A03ED0A01D2DE46F00BD9C0A /* YBZBaseNaviController.m */ = {isa = PBXFileReference; fileEncoding = 4; lastKnownFileType = sourcecode.c.objc; path = YBZBaseNaviController.m; sourceTree = "<group>"; };
		A03ED0A21D2DE49600BD9C0A /* YBZBaseViewController.h */ = {isa = PBXFileReference; fileEncoding = 4; lastKnownFileType = sourcecode.c.h; path = YBZBaseViewController.h; sourceTree = "<group>"; };
		A03ED0A31D2DE49600BD9C0A /* YBZBaseViewController.m */ = {isa = PBXFileReference; fileEncoding = 4; lastKnownFileType = sourcecode.c.objc; path = YBZBaseViewController.m; sourceTree = "<group>"; };
		A03ED0A51D2DE4BA00BD9C0A /* YBZRootViewController.h */ = {isa = PBXFileReference; fileEncoding = 4; lastKnownFileType = sourcecode.c.h; path = YBZRootViewController.h; sourceTree = "<group>"; };
		A03ED0A61D2DE4BA00BD9C0A /* YBZRootViewController.m */ = {isa = PBXFileReference; fileEncoding = 4; lastKnownFileType = sourcecode.c.objc; path = YBZRootViewController.m; sourceTree = "<group>"; };
		A03ED0B41D2DE9D200BD9C0A /* YBZTranslationController.h */ = {isa = PBXFileReference; fileEncoding = 4; lastKnownFileType = sourcecode.c.h; path = YBZTranslationController.h; sourceTree = "<group>"; };
		A03ED0B51D2DE9D200BD9C0A /* YBZTranslationController.m */ = {isa = PBXFileReference; fileEncoding = 4; lastKnownFileType = sourcecode.c.objc; path = YBZTranslationController.m; sourceTree = "<group>"; };
		A03ED0B71D2DEA0C00BD9C0A /* YBZFreeTravelController.h */ = {isa = PBXFileReference; fileEncoding = 4; lastKnownFileType = sourcecode.c.h; path = YBZFreeTravelController.h; sourceTree = "<group>"; };
		A03ED0B81D2DEA0C00BD9C0A /* YBZFreeTravelController.m */ = {isa = PBXFileReference; fileEncoding = 4; lastKnownFileType = sourcecode.c.objc; path = YBZFreeTravelController.m; sourceTree = "<group>"; };
		A03ED0BD1D2DF1A100BD9C0A /* YBZFreeTranslationViewController.h */ = {isa = PBXFileReference; fileEncoding = 4; lastKnownFileType = sourcecode.c.h; path = YBZFreeTranslationViewController.h; sourceTree = "<group>"; };
		A03ED0BE1D2DF1A100BD9C0A /* YBZFreeTranslationViewController.m */ = {isa = PBXFileReference; fileEncoding = 4; lastKnownFileType = sourcecode.c.objc; path = YBZFreeTranslationViewController.m; sourceTree = "<group>"; };
		A03ED0C01D2DF1BE00BD9C0A /* YBZInterpretViewController.h */ = {isa = PBXFileReference; fileEncoding = 4; lastKnownFileType = sourcecode.c.h; path = YBZInterpretViewController.h; sourceTree = "<group>"; };
		A03ED0C11D2DF1BE00BD9C0A /* YBZInterpretViewController.m */ = {isa = PBXFileReference; fileEncoding = 4; lastKnownFileType = sourcecode.c.objc; path = YBZInterpretViewController.m; sourceTree = "<group>"; };
		A03ED0C31D2DF33A00BD9C0A /* YBZLoginViewController.h */ = {isa = PBXFileReference; fileEncoding = 4; lastKnownFileType = sourcecode.c.h; path = YBZLoginViewController.h; sourceTree = "<group>"; };
		A03ED0C41D2DF33A00BD9C0A /* YBZLoginViewController.m */ = {isa = PBXFileReference; fileEncoding = 4; lastKnownFileType = sourcecode.c.objc; path = YBZLoginViewController.m; sourceTree = "<group>"; };
		A03ED0C61D2DF7E700BD9C0A /* YBZChangeLanguageViewController.h */ = {isa = PBXFileReference; fileEncoding = 4; lastKnownFileType = sourcecode.c.h; path = YBZChangeLanguageViewController.h; sourceTree = "<group>"; };
		A03ED0C71D2DF7E700BD9C0A /* YBZChangeLanguageViewController.m */ = {isa = PBXFileReference; fileEncoding = 4; lastKnownFileType = sourcecode.c.objc; path = YBZChangeLanguageViewController.m; sourceTree = "<group>"; };
		A03ED0CD1D2E088300BD9C0A /* YBZUserInfoViewController.h */ = {isa = PBXFileReference; fileEncoding = 4; lastKnownFileType = sourcecode.c.h; path = YBZUserInfoViewController.h; sourceTree = "<group>"; };
		A03ED0CE1D2E088300BD9C0A /* YBZUserInfoViewController.m */ = {isa = PBXFileReference; fileEncoding = 4; lastKnownFileType = sourcecode.c.objc; path = YBZUserInfoViewController.m; sourceTree = "<group>"; };
		A03ED0D01D2E089C00BD9C0A /* YBZUserOrderViewController.h */ = {isa = PBXFileReference; fileEncoding = 4; lastKnownFileType = sourcecode.c.h; path = YBZUserOrderViewController.h; sourceTree = "<group>"; };
		A03ED0D11D2E089C00BD9C0A /* YBZUserOrderViewController.m */ = {isa = PBXFileReference; fileEncoding = 4; lastKnownFileType = sourcecode.c.objc; path = YBZUserOrderViewController.m; sourceTree = "<group>"; };
		A03ED0D31D2E08AD00BD9C0A /* YBZUserFavoriteViewController.h */ = {isa = PBXFileReference; fileEncoding = 4; lastKnownFileType = sourcecode.c.h; path = YBZUserFavoriteViewController.h; sourceTree = "<group>"; };
		A03ED0D41D2E08AD00BD9C0A /* YBZUserFavoriteViewController.m */ = {isa = PBXFileReference; fileEncoding = 4; lastKnownFileType = sourcecode.c.objc; path = YBZUserFavoriteViewController.m; sourceTree = "<group>"; };
		A03ED0D71D2E0ACA00BD9C0A /* YBZUserEwalletsViewController.h */ = {isa = PBXFileReference; fileEncoding = 4; lastKnownFileType = sourcecode.c.h; path = YBZUserEwalletsViewController.h; sourceTree = "<group>"; };
		A03ED0D81D2E0ACA00BD9C0A /* YBZUserEwalletsViewController.m */ = {isa = PBXFileReference; fileEncoding = 4; lastKnownFileType = sourcecode.c.objc; path = YBZUserEwalletsViewController.m; sourceTree = "<group>"; };
		A03ED0DD1D2E2A9700BD9C0A /* YBZRegisterViewController.h */ = {isa = PBXFileReference; fileEncoding = 4; lastKnownFileType = sourcecode.c.h; path = YBZRegisterViewController.h; sourceTree = "<group>"; };
		A03ED0DE1D2E2A9700BD9C0A /* YBZRegisterViewController.m */ = {isa = PBXFileReference; fileEncoding = 4; lastKnownFileType = sourcecode.c.objc; path = YBZRegisterViewController.m; sourceTree = "<group>"; };
		A03ED0E01D2E2AA400BD9C0A /* YBZFindKeyViewController.h */ = {isa = PBXFileReference; fileEncoding = 4; lastKnownFileType = sourcecode.c.h; path = YBZFindKeyViewController.h; sourceTree = "<group>"; };
		A03ED0E11D2E2AA400BD9C0A /* YBZFindKeyViewController.m */ = {isa = PBXFileReference; fileEncoding = 4; lastKnownFileType = sourcecode.c.objc; path = YBZFindKeyViewController.m; sourceTree = "<group>"; };
		A03ED0E31D2E2B2300BD9C0A /* YBZTranslaterSelectLanguageViewController.h */ = {isa = PBXFileReference; fileEncoding = 4; lastKnownFileType = sourcecode.c.h; path = YBZTranslaterSelectLanguageViewController.h; sourceTree = "<group>"; };
		A03ED0E41D2E2B2300BD9C0A /* YBZTranslaterSelectLanguageViewController.m */ = {isa = PBXFileReference; fileEncoding = 4; lastKnownFileType = sourcecode.c.objc; path = YBZTranslaterSelectLanguageViewController.m; sourceTree = "<group>"; };
		A03ED0F11D2E3EF500BD9C0A /* YBZProductListViewController.h */ = {isa = PBXFileReference; fileEncoding = 4; lastKnownFileType = sourcecode.c.h; path = YBZProductListViewController.h; sourceTree = "<group>"; };
		A03ED0F21D2E3EF500BD9C0A /* YBZProductListViewController.m */ = {isa = PBXFileReference; fileEncoding = 4; lastKnownFileType = sourcecode.c.objc; path = YBZProductListViewController.m; sourceTree = "<group>"; };
		A03ED0F41D2E3F1700BD9C0A /* YBZProductDetailInfoViewController.h */ = {isa = PBXFileReference; fileEncoding = 4; lastKnownFileType = sourcecode.c.h; path = YBZProductDetailInfoViewController.h; sourceTree = "<group>"; };
		A03ED0F51D2E3F1700BD9C0A /* YBZProductDetailInfoViewController.m */ = {isa = PBXFileReference; fileEncoding = 4; lastKnownFileType = sourcecode.c.objc; path = YBZProductDetailInfoViewController.m; sourceTree = "<group>"; };
		A0532C6E1D38C32200FC1AB1 /* UserSetoutTableViewCell.h */ = {isa = PBXFileReference; fileEncoding = 4; lastKnownFileType = sourcecode.c.h; path = UserSetoutTableViewCell.h; sourceTree = "<group>"; };
		A0532C6F1D38C32200FC1AB1 /* UserSetoutTableViewCell.m */ = {isa = PBXFileReference; fileEncoding = 4; lastKnownFileType = sourcecode.c.objc; path = UserSetoutTableViewCell.m; sourceTree = "<group>"; };
		A0532C701D38C32200FC1AB1 /* UserSetoutTableViewCell.xib */ = {isa = PBXFileReference; fileEncoding = 4; lastKnownFileType = file.xib; path = UserSetoutTableViewCell.xib; sourceTree = "<group>"; };
		A0532C711D38C32200FC1AB1 /* UserSetTableViewCell.h */ = {isa = PBXFileReference; fileEncoding = 4; lastKnownFileType = sourcecode.c.h; path = UserSetTableViewCell.h; sourceTree = "<group>"; };
		A0532C721D38C32200FC1AB1 /* UserSetTableViewCell.m */ = {isa = PBXFileReference; fileEncoding = 4; lastKnownFileType = sourcecode.c.objc; path = UserSetTableViewCell.m; sourceTree = "<group>"; };
		A0532C731D38C32200FC1AB1 /* UserSetTableViewCell.xib */ = {isa = PBXFileReference; fileEncoding = 4; lastKnownFileType = file.xib; path = UserSetTableViewCell.xib; sourceTree = "<group>"; };
		A0532C741D38C32200FC1AB1 /* UserSetViewController.h */ = {isa = PBXFileReference; fileEncoding = 4; lastKnownFileType = sourcecode.c.h; path = UserSetViewController.h; sourceTree = "<group>"; };
		A0532C751D38C32200FC1AB1 /* UserSetViewController.m */ = {isa = PBXFileReference; fileEncoding = 4; lastKnownFileType = sourcecode.c.objc; path = UserSetViewController.m; sourceTree = "<group>"; };
		A0532C7C1D38C3F600FC1AB1 /* AccountAndSafeOtherTableViewCell.h */ = {isa = PBXFileReference; fileEncoding = 4; lastKnownFileType = sourcecode.c.h; path = AccountAndSafeOtherTableViewCell.h; sourceTree = "<group>"; };
		A0532C7D1D38C3F600FC1AB1 /* AccountAndSafeOtherTableViewCell.m */ = {isa = PBXFileReference; fileEncoding = 4; lastKnownFileType = sourcecode.c.objc; path = AccountAndSafeOtherTableViewCell.m; sourceTree = "<group>"; };
		A0532C7E1D38C3F600FC1AB1 /* AccountAndSafeOtherTableViewCell.xib */ = {isa = PBXFileReference; fileEncoding = 4; lastKnownFileType = file.xib; path = AccountAndSafeOtherTableViewCell.xib; sourceTree = "<group>"; };
		A0532C7F1D38C3F600FC1AB1 /* AccountAndSafeViewController.h */ = {isa = PBXFileReference; fileEncoding = 4; lastKnownFileType = sourcecode.c.h; path = AccountAndSafeViewController.h; sourceTree = "<group>"; };
		A0532C801D38C3F600FC1AB1 /* AccountAndSafeViewController.m */ = {isa = PBXFileReference; fileEncoding = 4; lastKnownFileType = sourcecode.c.objc; path = AccountAndSafeViewController.m; sourceTree = "<group>"; };
		A0532C811D38C3F600FC1AB1 /* AccountTableViewCell.h */ = {isa = PBXFileReference; fileEncoding = 4; lastKnownFileType = sourcecode.c.h; path = AccountTableViewCell.h; sourceTree = "<group>"; };
		A0532C821D38C3F600FC1AB1 /* AccountTableViewCell.m */ = {isa = PBXFileReference; fileEncoding = 4; lastKnownFileType = sourcecode.c.objc; path = AccountTableViewCell.m; sourceTree = "<group>"; };
		A0532C831D38C3F600FC1AB1 /* AccountTableViewCell.xib */ = {isa = PBXFileReference; fileEncoding = 4; lastKnownFileType = file.xib; path = AccountTableViewCell.xib; sourceTree = "<group>"; };
		A0532C8B1D38C6B400FC1AB1 /* CellFramInfo.h */ = {isa = PBXFileReference; fileEncoding = 4; lastKnownFileType = sourcecode.c.h; path = CellFramInfo.h; sourceTree = "<group>"; };
		A0532C8C1D38C6B400FC1AB1 /* CellFramInfo.m */ = {isa = PBXFileReference; fileEncoding = 4; lastKnownFileType = sourcecode.c.objc; path = CellFramInfo.m; sourceTree = "<group>"; };
		A0532C8D1D38C6B400FC1AB1 /* CustomInfoCell.h */ = {isa = PBXFileReference; fileEncoding = 4; lastKnownFileType = sourcecode.c.h; path = CustomInfoCell.h; sourceTree = "<group>"; };
		A0532C8E1D38C6B400FC1AB1 /* CustomInfoCell.m */ = {isa = PBXFileReference; fileEncoding = 4; lastKnownFileType = sourcecode.c.objc; path = CustomInfoCell.m; sourceTree = "<group>"; };
		A0532C8F1D38C6B400FC1AB1 /* CustomInfoCell.xib */ = {isa = PBXFileReference; fileEncoding = 4; lastKnownFileType = file.xib; path = CustomInfoCell.xib; sourceTree = "<group>"; };
		A0532C901D38C6B400FC1AB1 /* EditViewController.h */ = {isa = PBXFileReference; fileEncoding = 4; lastKnownFileType = sourcecode.c.h; path = EditViewController.h; sourceTree = "<group>"; };
		A0532C911D38C6B400FC1AB1 /* EditViewController.m */ = {isa = PBXFileReference; fileEncoding = 4; lastKnownFileType = sourcecode.c.objc; path = EditViewController.m; sourceTree = "<group>"; };
		A0532C921D38C6B400FC1AB1 /* InformationModel.h */ = {isa = PBXFileReference; fileEncoding = 4; lastKnownFileType = sourcecode.c.h; path = InformationModel.h; sourceTree = "<group>"; };
		A0532C931D38C6B400FC1AB1 /* InformationModel.m */ = {isa = PBXFileReference; fileEncoding = 4; lastKnownFileType = sourcecode.c.objc; path = InformationModel.m; sourceTree = "<group>"; };
		A0532CA01D38C9EB00FC1AB1 /* matter.h */ = {isa = PBXFileReference; fileEncoding = 4; lastKnownFileType = sourcecode.c.h; path = matter.h; sourceTree = "<group>"; };
		A0532CA11D38C9EB00FC1AB1 /* matter.m */ = {isa = PBXFileReference; fileEncoding = 4; lastKnownFileType = sourcecode.c.objc; path = matter.m; sourceTree = "<group>"; };
		A0532CA21D38C9EB00FC1AB1 /* HelpViewController.h */ = {isa = PBXFileReference; fileEncoding = 4; lastKnownFileType = sourcecode.c.h; path = HelpViewController.h; sourceTree = "<group>"; };
		A0532CA31D38C9EB00FC1AB1 /* HelpViewController.m */ = {isa = PBXFileReference; fileEncoding = 4; lastKnownFileType = sourcecode.c.objc; path = HelpViewController.m; sourceTree = "<group>"; };
		A0532CA71D38CB3700FC1AB1 /* AboutViewController.h */ = {isa = PBXFileReference; fileEncoding = 4; lastKnownFileType = sourcecode.c.h; path = AboutViewController.h; sourceTree = "<group>"; };
		A0532CA81D38CB3700FC1AB1 /* AboutViewController.m */ = {isa = PBXFileReference; fileEncoding = 4; lastKnownFileType = sourcecode.c.objc; path = AboutViewController.m; sourceTree = "<group>"; };
		A0532CA91D38CB3700FC1AB1 /* SecondViewController.h */ = {isa = PBXFileReference; fileEncoding = 4; lastKnownFileType = sourcecode.c.h; path = SecondViewController.h; sourceTree = "<group>"; };
		A0532CAA1D38CB3700FC1AB1 /* SecondViewController.m */ = {isa = PBXFileReference; fileEncoding = 4; lastKnownFileType = sourcecode.c.objc; path = SecondViewController.m; sourceTree = "<group>"; };
		A0532CAD1D38CF8E00FC1AB1 /* CellFrameInfo.h */ = {isa = PBXFileReference; fileEncoding = 4; lastKnownFileType = sourcecode.c.h; path = CellFrameInfo.h; sourceTree = "<group>"; };
		A0532CAE1D38CF8E00FC1AB1 /* CellFrameInfo.m */ = {isa = PBXFileReference; fileEncoding = 4; lastKnownFileType = sourcecode.c.objc; path = CellFrameInfo.m; sourceTree = "<group>"; };
		A0532CAF1D38CF8E00FC1AB1 /* EvaluatePeopleCell.h */ = {isa = PBXFileReference; fileEncoding = 4; lastKnownFileType = sourcecode.c.h; path = EvaluatePeopleCell.h; sourceTree = "<group>"; };
		A0532CB01D38CF8E00FC1AB1 /* EvaluatePeopleCell.m */ = {isa = PBXFileReference; fileEncoding = 4; lastKnownFileType = sourcecode.c.objc; path = EvaluatePeopleCell.m; sourceTree = "<group>"; };
		A0532CB11D38CF8E00FC1AB1 /* EvaluatePeopleCell.xib */ = {isa = PBXFileReference; fileEncoding = 4; lastKnownFileType = file.xib; path = EvaluatePeopleCell.xib; sourceTree = "<group>"; };
		A0532CB21D38CF8E00FC1AB1 /* FeedBackViewController.h */ = {isa = PBXFileReference; fileEncoding = 4; lastKnownFileType = sourcecode.c.h; path = FeedBackViewController.h; sourceTree = "<group>"; };
		A0532CB31D38CF8E00FC1AB1 /* FeedBackViewController.m */ = {isa = PBXFileReference; fileEncoding = 4; lastKnownFileType = sourcecode.c.objc; path = FeedBackViewController.m; sourceTree = "<group>"; };
		A0532CB41D38CF8E00FC1AB1 /* PeoPle.h */ = {isa = PBXFileReference; fileEncoding = 4; lastKnownFileType = sourcecode.c.h; path = PeoPle.h; sourceTree = "<group>"; };
		A0532CB51D38CF8E00FC1AB1 /* PeoPle.m */ = {isa = PBXFileReference; fileEncoding = 4; lastKnownFileType = sourcecode.c.objc; path = PeoPle.m; sourceTree = "<group>"; };
		A0532CBD1D38D03E00FC1AB1 /* GTStarsScore.h */ = {isa = PBXFileReference; fileEncoding = 4; lastKnownFileType = sourcecode.c.h; path = GTStarsScore.h; sourceTree = "<group>"; };
		A0532CBE1D38D03E00FC1AB1 /* GTStarsScore.m */ = {isa = PBXFileReference; fileEncoding = 4; lastKnownFileType = sourcecode.c.objc; path = GTStarsScore.m; sourceTree = "<group>"; };
		A0532CBF1D38D03E00FC1AB1 /* star_gray.png */ = {isa = PBXFileReference; lastKnownFileType = image.png; path = star_gray.png; sourceTree = "<group>"; };
		A0532CC01D38D03E00FC1AB1 /* star_yellow.png */ = {isa = PBXFileReference; lastKnownFileType = image.png; path = star_yellow.png; sourceTree = "<group>"; };
		A0532CC11D38D03E00FC1AB1 /* UIView+Extention.h */ = {isa = PBXFileReference; fileEncoding = 4; lastKnownFileType = sourcecode.c.h; path = "UIView+Extention.h"; sourceTree = "<group>"; };
		A0532CC21D38D03E00FC1AB1 /* UIView+Extention.m */ = {isa = PBXFileReference; fileEncoding = 4; lastKnownFileType = sourcecode.c.objc; path = "UIView+Extention.m"; sourceTree = "<group>"; };
		A0532CC71D38D4FE00FC1AB1 /* UserTableViewCell.h */ = {isa = PBXFileReference; fileEncoding = 4; lastKnownFileType = sourcecode.c.h; path = UserTableViewCell.h; sourceTree = "<group>"; };
		A0532CC81D38D4FE00FC1AB1 /* UserTableViewCell.m */ = {isa = PBXFileReference; fileEncoding = 4; lastKnownFileType = sourcecode.c.objc; path = UserTableViewCell.m; sourceTree = "<group>"; };
		A0532CC91D38D4FE00FC1AB1 /* UserTableViewCell.xib */ = {isa = PBXFileReference; fileEncoding = 4; lastKnownFileType = file.xib; path = UserTableViewCell.xib; sourceTree = "<group>"; };
		A0532CCA1D38D4FE00FC1AB1 /* UserViewController.h */ = {isa = PBXFileReference; fileEncoding = 4; lastKnownFileType = sourcecode.c.h; path = UserViewController.h; sourceTree = "<group>"; };
		A0532CCB1D38D4FE00FC1AB1 /* UserViewController.m */ = {isa = PBXFileReference; fileEncoding = 4; lastKnownFileType = sourcecode.c.objc; path = UserViewController.m; sourceTree = "<group>"; };
		A0532CCF1D38D7BA00FC1AB1 /* PersonalSignatureVC.h */ = {isa = PBXFileReference; fileEncoding = 4; lastKnownFileType = sourcecode.c.h; path = PersonalSignatureVC.h; sourceTree = "<group>"; };
		A0532CD01D38D7BA00FC1AB1 /* PersonalSignatureVC.m */ = {isa = PBXFileReference; fileEncoding = 4; lastKnownFileType = sourcecode.c.objc; path = PersonalSignatureVC.m; sourceTree = "<group>"; };
		A0532CD21D38D7D300FC1AB1 /* PickAvatarImage.h */ = {isa = PBXFileReference; fileEncoding = 4; lastKnownFileType = sourcecode.c.h; path = PickAvatarImage.h; sourceTree = "<group>"; };
		A0532CD31D38D7D300FC1AB1 /* PickAvatarImage.m */ = {isa = PBXFileReference; fileEncoding = 4; lastKnownFileType = sourcecode.c.objc; path = PickAvatarImage.m; sourceTree = "<group>"; };
		A0552EAF1D3A163C00E04D7A /* ASBirthSelectSheet.h */ = {isa = PBXFileReference; fileEncoding = 4; lastKnownFileType = sourcecode.c.h; path = ASBirthSelectSheet.h; sourceTree = "<group>"; };
		A0552EB01D3A163C00E04D7A /* NIChengViewController.m */ = {isa = PBXFileReference; fileEncoding = 4; lastKnownFileType = sourcecode.c.objc; path = NIChengViewController.m; sourceTree = "<group>"; };
		A0552EB11D3A163C00E04D7A /* ASBirthSelectSheet.m */ = {isa = PBXFileReference; fileEncoding = 4; lastKnownFileType = sourcecode.c.objc; path = ASBirthSelectSheet.m; sourceTree = "<group>"; };
		A0552EB21D3A163C00E04D7A /* NIChengViewController.h */ = {isa = PBXFileReference; fileEncoding = 4; lastKnownFileType = sourcecode.c.h; path = NIChengViewController.h; sourceTree = "<group>"; };
		A0552EB51D3A166A00E04D7A /* FreeTravelViewController.m */ = {isa = PBXFileReference; fileEncoding = 4; lastKnownFileType = sourcecode.c.objc; path = FreeTravelViewController.m; sourceTree = "<group>"; };
		A0552EB61D3A166A00E04D7A /* FreeTravelViewController.h */ = {isa = PBXFileReference; fileEncoding = 4; lastKnownFileType = sourcecode.c.h; path = FreeTravelViewController.h; sourceTree = "<group>"; };
		A0552EB81D3A2C8C00E04D7A /* LocationPlaceModel.h */ = {isa = PBXFileReference; fileEncoding = 4; lastKnownFileType = sourcecode.c.h; path = LocationPlaceModel.h; sourceTree = "<group>"; };
		A0552EB91D3A2C8C00E04D7A /* LocationPlaceModel.m */ = {isa = PBXFileReference; fileEncoding = 4; lastKnownFileType = sourcecode.c.objc; path = LocationPlaceModel.m; sourceTree = "<group>"; };
		A0552EBA1D3A2C8C00E04D7A /* LocationViewController.h */ = {isa = PBXFileReference; fileEncoding = 4; lastKnownFileType = sourcecode.c.h; path = LocationViewController.h; sourceTree = "<group>"; };
		A0552EBB1D3A2C8C00E04D7A /* LocationViewController.m */ = {isa = PBXFileReference; fileEncoding = 4; lastKnownFileType = sourcecode.c.objc; path = LocationViewController.m; sourceTree = "<group>"; };
		A0552EBC1D3A2C8C00E04D7A /* LocCellFrameInfo.h */ = {isa = PBXFileReference; fileEncoding = 4; lastKnownFileType = sourcecode.c.h; path = LocCellFrameInfo.h; sourceTree = "<group>"; };
		A0552EBD1D3A2C8C00E04D7A /* LocCellFrameInfo.m */ = {isa = PBXFileReference; fileEncoding = 4; lastKnownFileType = sourcecode.c.objc; path = LocCellFrameInfo.m; sourceTree = "<group>"; };
		A0552EBE1D3A2C8C00E04D7A /* LocMessageInfoCell.h */ = {isa = PBXFileReference; fileEncoding = 4; lastKnownFileType = sourcecode.c.h; path = LocMessageInfoCell.h; sourceTree = "<group>"; };
		A0552EBF1D3A2C8C00E04D7A /* LocMessageInfoCell.m */ = {isa = PBXFileReference; fileEncoding = 4; lastKnownFileType = sourcecode.c.objc; path = LocMessageInfoCell.m; sourceTree = "<group>"; };
		A0552EC01D3A2C8C00E04D7A /* LocMessageInfoCell.xib */ = {isa = PBXFileReference; fileEncoding = 4; lastKnownFileType = file.xib; path = LocMessageInfoCell.xib; sourceTree = "<group>"; };
		A0552EC61D3A2C8C00E04D7A /* PlaceNameModel.h */ = {isa = PBXFileReference; fileEncoding = 4; lastKnownFileType = sourcecode.c.h; path = PlaceNameModel.h; sourceTree = "<group>"; };
		A0552EC71D3A2C8C00E04D7A /* PlaceNameModel.m */ = {isa = PBXFileReference; fileEncoding = 4; lastKnownFileType = sourcecode.c.objc; path = PlaceNameModel.m; sourceTree = "<group>"; };
		A0552EC81D3A2C8C00E04D7A /* SelectedCellFrameInfo.h */ = {isa = PBXFileReference; fileEncoding = 4; lastKnownFileType = sourcecode.c.h; path = SelectedCellFrameInfo.h; sourceTree = "<group>"; };
		A0552EC91D3A2C8C00E04D7A /* SelectedCellFrameInfo.m */ = {isa = PBXFileReference; fileEncoding = 4; lastKnownFileType = sourcecode.c.objc; path = SelectedCellFrameInfo.m; sourceTree = "<group>"; };
		A0552ECA1D3A2C8C00E04D7A /* SelectedMessageInfoCell.h */ = {isa = PBXFileReference; fileEncoding = 4; lastKnownFileType = sourcecode.c.h; path = SelectedMessageInfoCell.h; sourceTree = "<group>"; };
		A0552ECB1D3A2C8C00E04D7A /* SelectedMessageInfoCell.m */ = {isa = PBXFileReference; fileEncoding = 4; lastKnownFileType = sourcecode.c.objc; path = SelectedMessageInfoCell.m; sourceTree = "<group>"; };
		A0552ECC1D3A2C8C00E04D7A /* SelectedMessageInfoCell.xib */ = {isa = PBXFileReference; fileEncoding = 4; lastKnownFileType = file.xib; path = SelectedMessageInfoCell.xib; sourceTree = "<group>"; };
/* End PBXFileReference section */

/* Begin PBXFrameworksBuildPhase section */
		A03ED04F1D2DE20700BD9C0A /* Frameworks */ = {
			isa = PBXFrameworksBuildPhase;
			buildActionMask = 2147483647;
			files = (
			);
			runOnlyForDeploymentPostprocessing = 0;
		};
		A03ED0681D2DE20800BD9C0A /* Frameworks */ = {
			isa = PBXFrameworksBuildPhase;
			buildActionMask = 2147483647;
			files = (
			);
			runOnlyForDeploymentPostprocessing = 0;
		};
		A03ED0731D2DE20800BD9C0A /* Frameworks */ = {
			isa = PBXFrameworksBuildPhase;
			buildActionMask = 2147483647;
			files = (
			);
			runOnlyForDeploymentPostprocessing = 0;
		};
/* End PBXFrameworksBuildPhase section */

/* Begin PBXGroup section */
		1ED862E91D2F39DD00529094 /* ThirdTools */ = {
			isa = PBXGroup;
			children = (
				1ED863C01D3390F000529094 /* MJRefresh */,
				1ED863611D3347F500529094 /* SYRefreshTable */,
				1ED862EA1D2F39DD00529094 /* AFViewShaker */,
				1ED862ED1D2F39DD00529094 /* Masonry */,
			);
			path = ThirdTools;
			sourceTree = "<group>";
		};
		1ED862EA1D2F39DD00529094 /* AFViewShaker */ = {
			isa = PBXGroup;
			children = (
				1ED862EB1D2F39DD00529094 /* AFViewShaker.h */,
				1ED862EC1D2F39DD00529094 /* AFViewShaker.m */,
			);
			path = AFViewShaker;
			sourceTree = "<group>";
		};
		1ED862ED1D2F39DD00529094 /* Masonry */ = {
			isa = PBXGroup;
			children = (
				1ED862EE1D2F39DD00529094 /* Info.plist */,
				1ED862EF1D2F39DD00529094 /* MASCompositeConstraint.h */,
				1ED862F01D2F39DD00529094 /* MASCompositeConstraint.m */,
				1ED862F11D2F39DD00529094 /* MASConstraint+Private.h */,
				1ED862F21D2F39DD00529094 /* MASConstraint.h */,
				1ED862F31D2F39DD00529094 /* MASConstraint.m */,
				1ED862F41D2F39DD00529094 /* MASConstraintMaker.h */,
				1ED862F51D2F39DD00529094 /* MASConstraintMaker.m */,
				1ED862F61D2F39DD00529094 /* MASLayoutConstraint.h */,
				1ED862F71D2F39DD00529094 /* MASLayoutConstraint.m */,
				1ED862F81D2F39DD00529094 /* Masonry.h */,
				1ED862F91D2F39DD00529094 /* MASUtilities.h */,
				1ED862FA1D2F39DD00529094 /* MASViewAttribute.h */,
				1ED862FB1D2F39DD00529094 /* MASViewAttribute.m */,
				1ED862FC1D2F39DD00529094 /* MASViewConstraint.h */,
				1ED862FD1D2F39DD00529094 /* MASViewConstraint.m */,
				1ED862FE1D2F39DD00529094 /* NSArray+MASAdditions.h */,
				1ED862FF1D2F39DD00529094 /* NSArray+MASAdditions.m */,
				1ED863001D2F39DD00529094 /* NSArray+MASShorthandAdditions.h */,
				1ED863011D2F39DD00529094 /* NSLayoutConstraint+MASDebugAdditions.h */,
				1ED863021D2F39DD00529094 /* NSLayoutConstraint+MASDebugAdditions.m */,
				1ED863031D2F39DD00529094 /* View+MASAdditions.h */,
				1ED863041D2F39DD00529094 /* View+MASAdditions.m */,
				1ED863051D2F39DD00529094 /* View+MASShorthandAdditions.h */,
				1ED863061D2F39DD00529094 /* ViewController+MASAdditions.h */,
				1ED863071D2F39DD00529094 /* ViewController+MASAdditions.m */,
			);
			path = Masonry;
			sourceTree = "<group>";
		};
		1ED863611D3347F500529094 /* SYRefreshTable */ = {
			isa = PBXGroup;
			children = (
				1ED863621D3347F500529094 /* SYTableFooterView.h */,
				1ED863631D3347F500529094 /* SYTableFooterView.m */,
				1ED863641D3347F500529094 /* SYTableFooterView.xib */,
				1ED863651D3347F500529094 /* SYTableHeaderView.h */,
				1ED863661D3347F500529094 /* SYTableHeaderView.m */,
				1ED863671D3347F500529094 /* SYTableHeaderView.xib */,
				1ED863681D3347F500529094 /* SYTableViewController.h */,
				1ED863691D3347F500529094 /* SYTableViewController.m */,
			);
			path = SYRefreshTable;
			sourceTree = "<group>";
		};
		1ED863C01D3390F000529094 /* MJRefresh */ = {
			isa = PBXGroup;
			children = (
				1ED863C11D3390F000529094 /* MJRefresh.bundle */,
				1ED863C21D3390F000529094 /* MJRefresh.h */,
				1ED863C31D3390F000529094 /* MJRefreshBaseView.h */,
				1ED863C41D3390F000529094 /* MJRefreshBaseView.m */,
				1ED863C51D3390F000529094 /* MJRefreshConst.h */,
				1ED863C61D3390F000529094 /* MJRefreshConst.m */,
				1ED863C71D3390F000529094 /* MJRefreshFooterView.h */,
				1ED863C81D3390F000529094 /* MJRefreshFooterView.m */,
				1ED863C91D3390F000529094 /* MJRefreshHeaderView.h */,
				1ED863CA1D3390F000529094 /* MJRefreshHeaderView.m */,
				1ED863CB1D3390F000529094 /* UIScrollView+MJExtension.h */,
				1ED863CC1D3390F000529094 /* UIScrollView+MJExtension.m */,
				1ED863CD1D3390F000529094 /* UIScrollView+MJRefresh.h */,
				1ED863CE1D3390F000529094 /* UIScrollView+MJRefresh.m */,
				1ED863CF1D3390F000529094 /* UIView+MJExtension.h */,
				1ED863D01D3390F000529094 /* UIView+MJExtension.m */,
			);
			path = MJRefresh;
			sourceTree = "<group>";
		};
		A03ED0491D2DE20700BD9C0A = {
			isa = PBXGroup;
			children = (
				A03ED09B1D2DE42000BD9C0A /* Login&Register */,
				A03ED0971D2DE3B700BD9C0A /* Main */,
				A03ED08C1D2DE32000BD9C0A /* Translation */,
				A03ED08B1D2DE31200BD9C0A /* FreeTravel */,
				A03ED08D1D2DE33700BD9C0A /* User */,
				A03ED0891D2DE2F600BD9C0A /* Other */,
				1ED862E91D2F39DD00529094 /* ThirdTools */,
				A03ED0541D2DE20700BD9C0A /* YBZTravel */,
				A03ED0551D2DE20700BD9C0A /* Supporting Files */,
				A03ED06E1D2DE20800BD9C0A /* YBZTravelTests */,
				A03ED0791D2DE20800BD9C0A /* YBZTravelUITests */,
				A03ED0531D2DE20700BD9C0A /* Products */,
			);
			sourceTree = "<group>";
		};
		A03ED0531D2DE20700BD9C0A /* Products */ = {
			isa = PBXGroup;
			children = (
				A03ED0521D2DE20700BD9C0A /* YBZTravel.app */,
				A03ED06B1D2DE20800BD9C0A /* YBZTravelTests.xctest */,
				A03ED0761D2DE20800BD9C0A /* YBZTravelUITests.xctest */,
			);
			name = Products;
			sourceTree = "<group>";
		};
		A03ED0541D2DE20700BD9C0A /* YBZTravel */ = {
			isa = PBXGroup;
			children = (
				A03ED0611D2DE20800BD9C0A /* Assets.xcassets */,
			);
			path = YBZTravel;
			sourceTree = "<group>";
		};
		A03ED0551D2DE20700BD9C0A /* Supporting Files */ = {
			isa = PBXGroup;
			children = (
				A03ED0631D2DE20800BD9C0A /* LaunchScreen.storyboard */,
				A03ED0661D2DE20800BD9C0A /* Info.plist */,
				A03ED0561D2DE20800BD9C0A /* main.m */,
			);
			name = "Supporting Files";
			path = YBZTravel;
			sourceTree = "<group>";
		};
		A03ED06E1D2DE20800BD9C0A /* YBZTravelTests */ = {
			isa = PBXGroup;
			children = (
				A03ED06F1D2DE20800BD9C0A /* YBZTravelTests.m */,
				A03ED0711D2DE20800BD9C0A /* Info.plist */,
			);
			path = YBZTravelTests;
			sourceTree = "<group>";
		};
		A03ED0791D2DE20800BD9C0A /* YBZTravelUITests */ = {
			isa = PBXGroup;
			children = (
				A03ED07A1D2DE20800BD9C0A /* YBZTravelUITests.m */,
				A03ED07C1D2DE20800BD9C0A /* Info.plist */,
			);
			path = YBZTravelUITests;
			sourceTree = "<group>";
		};
		A03ED0891D2DE2F600BD9C0A /* Other */ = {
			isa = PBXGroup;
			children = (
				1ED863EF1D38884E00529094 /* UIBarButtonItem+YBZBarButtonItem.h */,
				1ED863F01D38884E00529094 /* UIBarButtonItem+YBZBarButtonItem.m */,
				1ED863EC1D3887E200529094 /* UITextField+Validator.h */,
				1ED863ED1D3887E200529094 /* UITextField+Validator.m */,
				A03ED0581D2DE20800BD9C0A /* AppDelegate.h */,
				A03ED0591D2DE20800BD9C0A /* AppDelegate.m */,
				1ED863171D2F499200529094 /* PrefixHeader.pch */,
			);
			name = Other;
			sourceTree = "<group>";
		};
		A03ED08B1D2DE31200BD9C0A /* FreeTravel */ = {
			isa = PBXGroup;
			children = (
				A03ED0961D2DE38800BD9C0A /* Model */,
				A03ED0951D2DE38300BD9C0A /* View */,
				A03ED0941D2DE37D00BD9C0A /* Controller */,
			);
			name = FreeTravel;
			sourceTree = "<group>";
		};
		A03ED08C1D2DE32000BD9C0A /* Translation */ = {
			isa = PBXGroup;
			children = (
				A03ED0931D2DE37700BD9C0A /* Model */,
				A03ED0921D2DE37000BD9C0A /* View */,
				A03ED0911D2DE36200BD9C0A /* Controller */,
			);
			name = Translation;
			sourceTree = "<group>";
		};
		A03ED08D1D2DE33700BD9C0A /* User */ = {
			isa = PBXGroup;
			children = (
				A03ED0901D2DE35D00BD9C0A /* Model */,
				A03ED08F1D2DE35600BD9C0A /* View */,
				A03ED08E1D2DE34F00BD9C0A /* Controller */,
			);
			name = User;
			sourceTree = "<group>";
		};
		A03ED08E1D2DE34F00BD9C0A /* Controller */ = {
			isa = PBXGroup;
			children = (
				A0532CC71D38D4FE00FC1AB1 /* UserTableViewCell.h */,
				A0532CC81D38D4FE00FC1AB1 /* UserTableViewCell.m */,
				A0532CC91D38D4FE00FC1AB1 /* UserTableViewCell.xib */,
				A0532CCA1D38D4FE00FC1AB1 /* UserViewController.h */,
				A0532CCB1D38D4FE00FC1AB1 /* UserViewController.m */,
				A03ED0CC1D2E083300BD9C0A /* DetailViewController */,
			);
			name = Controller;
			sourceTree = "<group>";
		};
		A03ED08F1D2DE35600BD9C0A /* View */ = {
			isa = PBXGroup;
			children = (
				A0552ED91D3A2CDA00E04D7A /* Location */,
				A0532C9A1D38C71000FC1AB1 /* PersonInfo */,
				A0532C891D38C46400FC1AB1 /* userSetting */,
			);
			name = View;
			sourceTree = "<group>";
		};
		A03ED0901D2DE35D00BD9C0A /* Model */ = {
			isa = PBXGroup;
			children = (
				A0532CA61D38CA0200FC1AB1 /* UserSetting */,
				A0532C9B1D38C71C00FC1AB1 /* PersonInfo */,
			);
			name = Model;
			sourceTree = "<group>";
		};
		A03ED0911D2DE36200BD9C0A /* Controller */ = {
			isa = PBXGroup;
			children = (
				A03ED0B41D2DE9D200BD9C0A /* YBZTranslationController.h */,
				A03ED0B51D2DE9D200BD9C0A /* YBZTranslationController.m */,
				1ED8631D1D2F8DA500529094 /* YBZPopularFrameInfo.h */,
				1ED8631E1D2F8DA500529094 /* YBZPopularFrameInfo.m */,
				1ED863181D2F839F00529094 /* YBZPopularViewCell.h */,
				1ED863191D2F839F00529094 /* YBZPopularViewCell.m */,
				1ED8631A1D2F839F00529094 /* YBZPopularViewCell.xib */,
				A03ED0BD1D2DF1A100BD9C0A /* YBZFreeTranslationViewController.h */,
				A03ED0BE1D2DF1A100BD9C0A /* YBZFreeTranslationViewController.m */,
				A03ED0C01D2DF1BE00BD9C0A /* YBZInterpretViewController.h */,
				A03ED0C11D2DF1BE00BD9C0A /* YBZInterpretViewController.m */,
				A03ED0C61D2DF7E700BD9C0A /* YBZChangeLanguageViewController.h */,
				A03ED0C71D2DF7E700BD9C0A /* YBZChangeLanguageViewController.m */,
				1ED863D91D349ABA00529094 /* YBZChangeLanguageCell.h */,
				1ED863DA1D349ABA00529094 /* YBZChangeLanguageCell.m */,
				1ED863DC1D34D67500529094 /* YBZChangeLanguageInfo.h */,
				1ED863DD1D34D67500529094 /* YBZChangeLanguageInfo.m */,
				A0532CB21D38CF8E00FC1AB1 /* FeedBackViewController.h */,
				A0532CB31D38CF8E00FC1AB1 /* FeedBackViewController.m */,
			);
			name = Controller;
			sourceTree = "<group>";
		};
		A03ED0921D2DE37000BD9C0A /* View */ = {
			isa = PBXGroup;
			children = (
				A0532CBB1D38D00C00FC1AB1 /* Star */,
			);
			name = View;
			sourceTree = "<group>";
		};
		A03ED0931D2DE37700BD9C0A /* Model */ = {
			isa = PBXGroup;
			children = (
				A0532CAD1D38CF8E00FC1AB1 /* CellFrameInfo.h */,
				A0532CAE1D38CF8E00FC1AB1 /* CellFrameInfo.m */,
				A0532CAF1D38CF8E00FC1AB1 /* EvaluatePeopleCell.h */,
				A0532CB01D38CF8E00FC1AB1 /* EvaluatePeopleCell.m */,
				A0532CB11D38CF8E00FC1AB1 /* EvaluatePeopleCell.xib */,
				A0532CB41D38CF8E00FC1AB1 /* PeoPle.h */,
				A0532CB51D38CF8E00FC1AB1 /* PeoPle.m */,
			);
			name = Model;
			sourceTree = "<group>";
		};
		A03ED0941D2DE37D00BD9C0A /* Controller */ = {
			isa = PBXGroup;
			children = (
				A03ED0B71D2DEA0C00BD9C0A /* YBZFreeTravelController.h */,
				A03ED0B81D2DEA0C00BD9C0A /* YBZFreeTravelController.m */,
				A03ED0F11D2E3EF500BD9C0A /* YBZProductListViewController.h */,
				A03ED0F21D2E3EF500BD9C0A /* YBZProductListViewController.m */,
				A03ED0F41D2E3F1700BD9C0A /* YBZProductDetailInfoViewController.h */,
				A03ED0F51D2E3F1700BD9C0A /* YBZProductDetailInfoViewController.m */,
			);
			name = Controller;
			sourceTree = "<group>";
		};
		A03ED0951D2DE38300BD9C0A /* View */ = {
			isa = PBXGroup;
			children = (
			);
			name = View;
			sourceTree = "<group>";
		};
		A03ED0961D2DE38800BD9C0A /* Model */ = {
			isa = PBXGroup;
			children = (
			);
			name = Model;
			sourceTree = "<group>";
		};
		A03ED0971D2DE3B700BD9C0A /* Main */ = {
			isa = PBXGroup;
			children = (
				A03ED09A1D2DE3CC00BD9C0A /* Model */,
				A03ED0991D2DE3C200BD9C0A /* View */,
				A03ED0981D2DE3BC00BD9C0A /* Controller */,
			);
			name = Main;
			sourceTree = "<group>";
		};
		A03ED0981D2DE3BC00BD9C0A /* Controller */ = {
			isa = PBXGroup;
			children = (
				A03ED05E1D2DE20800BD9C0A /* Main.storyboard */,
				A03ED09F1D2DE46F00BD9C0A /* YBZBaseNaviController.h */,
				A03ED0A01D2DE46F00BD9C0A /* YBZBaseNaviController.m */,
				A03ED0A21D2DE49600BD9C0A /* YBZBaseViewController.h */,
				A03ED0A31D2DE49600BD9C0A /* YBZBaseViewController.m */,
				A03ED0A51D2DE4BA00BD9C0A /* YBZRootViewController.h */,
				A03ED0A61D2DE4BA00BD9C0A /* YBZRootViewController.m */,
			);
			name = Controller;
			sourceTree = "<group>";
		};
		A03ED0991D2DE3C200BD9C0A /* View */ = {
			isa = PBXGroup;
			children = (
			);
			name = View;
			sourceTree = "<group>";
		};
		A03ED09A1D2DE3CC00BD9C0A /* Model */ = {
			isa = PBXGroup;
			children = (
			);
			name = Model;
			sourceTree = "<group>";
		};
		A03ED09B1D2DE42000BD9C0A /* Login&Register */ = {
			isa = PBXGroup;
			children = (
				A03ED09E1D2DE44000BD9C0A /* Model */,
				A03ED09D1D2DE43A00BD9C0A /* View */,
				A03ED09C1D2DE43000BD9C0A /* Controller */,
			);
			name = "Login&Register";
			sourceTree = "<group>";
		};
		A03ED09C1D2DE43000BD9C0A /* Controller */ = {
			isa = PBXGroup;
			children = (
				1ED863E31D38868500529094 /* YBZAreaCodeViewController.m */,
				1ED863E41D38868500529094 /* YBZSingleCodeCell.m */,
				1ED863E51D38868500529094 /* YBZAreaCodeViewController.h */,
				1ED863E61D38868500529094 /* YBZSingleCodeCell.h */,
				1ED863E71D38868500529094 /* YBZSingleCodeInfo.m */,
				1ED863E81D38868500529094 /* YBZSingleCodeInfo.h */,
				A03ED0C31D2DF33A00BD9C0A /* YBZLoginViewController.h */,
				A03ED0C41D2DF33A00BD9C0A /* YBZLoginViewController.m */,
				A03ED0DD1D2E2A9700BD9C0A /* YBZRegisterViewController.h */,
				A03ED0DE1D2E2A9700BD9C0A /* YBZRegisterViewController.m */,
				A03ED0E01D2E2AA400BD9C0A /* YBZFindKeyViewController.h */,
				A03ED0E11D2E2AA400BD9C0A /* YBZFindKeyViewController.m */,
				A03ED0E31D2E2B2300BD9C0A /* YBZTranslaterSelectLanguageViewController.h */,
				A03ED0E41D2E2B2300BD9C0A /* YBZTranslaterSelectLanguageViewController.m */,
			);
			name = Controller;
			sourceTree = "<group>";
		};
		A03ED09D1D2DE43A00BD9C0A /* View */ = {
			isa = PBXGroup;
			children = (
			);
			name = View;
			sourceTree = "<group>";
		};
		A03ED09E1D2DE44000BD9C0A /* Model */ = {
			isa = PBXGroup;
			children = (
			);
			name = Model;
			sourceTree = "<group>";
		};
		A03ED0CC1D2E083300BD9C0A /* DetailViewController */ = {
			isa = PBXGroup;
			children = (
				A03ED0CD1D2E088300BD9C0A /* YBZUserInfoViewController.h */,
				A03ED0CE1D2E088300BD9C0A /* YBZUserInfoViewController.m */,
				A03ED0D01D2E089C00BD9C0A /* YBZUserOrderViewController.h */,
				A03ED0D11D2E089C00BD9C0A /* YBZUserOrderViewController.m */,
				A03ED0D31D2E08AD00BD9C0A /* YBZUserFavoriteViewController.h */,
				A03ED0D41D2E08AD00BD9C0A /* YBZUserFavoriteViewController.m */,
				A03ED0D71D2E0ACA00BD9C0A /* YBZUserEwalletsViewController.h */,
				A03ED0D81D2E0ACA00BD9C0A /* YBZUserEwalletsViewController.m */,
				A0532C8A1D38C69800FC1AB1 /* PersonInfo */,
				A0532C7B1D38C33F00FC1AB1 /* UserSetting */,
			);
			name = DetailViewController;
			sourceTree = "<group>";
		};
		A0532C7B1D38C33F00FC1AB1 /* UserSetting */ = {
			isa = PBXGroup;
			children = (
				A0532CA21D38C9EB00FC1AB1 /* HelpViewController.h */,
				A0532CA31D38C9EB00FC1AB1 /* HelpViewController.m */,
				A0532CA71D38CB3700FC1AB1 /* AboutViewController.h */,
				A0532CA81D38CB3700FC1AB1 /* AboutViewController.m */,
				A0532CA91D38CB3700FC1AB1 /* SecondViewController.h */,
				A0532CAA1D38CB3700FC1AB1 /* SecondViewController.m */,
				A0532C741D38C32200FC1AB1 /* UserSetViewController.h */,
				A0532C751D38C32200FC1AB1 /* UserSetViewController.m */,
				A0532C7F1D38C3F600FC1AB1 /* AccountAndSafeViewController.h */,
				A0532C801D38C3F600FC1AB1 /* AccountAndSafeViewController.m */,
			);
			name = UserSetting;
			sourceTree = "<group>";
		};
		A0532C891D38C46400FC1AB1 /* userSetting */ = {
			isa = PBXGroup;
			children = (
				A0532C7C1D38C3F600FC1AB1 /* AccountAndSafeOtherTableViewCell.h */,
				A0532C7D1D38C3F600FC1AB1 /* AccountAndSafeOtherTableViewCell.m */,
				A0532C7E1D38C3F600FC1AB1 /* AccountAndSafeOtherTableViewCell.xib */,
				A0532C811D38C3F600FC1AB1 /* AccountTableViewCell.h */,
				A0532C821D38C3F600FC1AB1 /* AccountTableViewCell.m */,
				A0532C831D38C3F600FC1AB1 /* AccountTableViewCell.xib */,
				A0532C6E1D38C32200FC1AB1 /* UserSetoutTableViewCell.h */,
				A0532C6F1D38C32200FC1AB1 /* UserSetoutTableViewCell.m */,
				A0532C701D38C32200FC1AB1 /* UserSetoutTableViewCell.xib */,
				A0532C711D38C32200FC1AB1 /* UserSetTableViewCell.h */,
				A0532C721D38C32200FC1AB1 /* UserSetTableViewCell.m */,
				A0532C731D38C32200FC1AB1 /* UserSetTableViewCell.xib */,
			);
			name = userSetting;
			sourceTree = "<group>";
		};
		A0532C8A1D38C69800FC1AB1 /* PersonInfo */ = {
			isa = PBXGroup;
			children = (
				A0552EAF1D3A163C00E04D7A /* ASBirthSelectSheet.h */,
				A0552EB11D3A163C00E04D7A /* ASBirthSelectSheet.m */,
				A0552EB21D3A163C00E04D7A /* NIChengViewController.h */,
				A0552EB01D3A163C00E04D7A /* NIChengViewController.m */,
				A0552EB61D3A166A00E04D7A /* FreeTravelViewController.h */,
				A0552EB51D3A166A00E04D7A /* FreeTravelViewController.m */,
				A0552EAE1D3A117B00E04D7A /* Location */,
				A0532CCF1D38D7BA00FC1AB1 /* PersonalSignatureVC.h */,
				A0532CD01D38D7BA00FC1AB1 /* PersonalSignatureVC.m */,
				A0532CD21D38D7D300FC1AB1 /* PickAvatarImage.h */,
				A0532CD31D38D7D300FC1AB1 /* PickAvatarImage.m */,
				A0532C901D38C6B400FC1AB1 /* EditViewController.h */,
				A0532C911D38C6B400FC1AB1 /* EditViewController.m */,
			);
			name = PersonInfo;
			sourceTree = "<group>";
		};
		A0532C9A1D38C71000FC1AB1 /* PersonInfo */ = {
			isa = PBXGroup;
			children = (
				A0532C8D1D38C6B400FC1AB1 /* CustomInfoCell.h */,
				A0532C8E1D38C6B400FC1AB1 /* CustomInfoCell.m */,
				A0532C8F1D38C6B400FC1AB1 /* CustomInfoCell.xib */,
			);
			name = PersonInfo;
			sourceTree = "<group>";
		};
		A0532C9B1D38C71C00FC1AB1 /* PersonInfo */ = {
			isa = PBXGroup;
			children = (
				A0532C8B1D38C6B400FC1AB1 /* CellFramInfo.h */,
				A0532C8C1D38C6B400FC1AB1 /* CellFramInfo.m */,
				A0532C921D38C6B400FC1AB1 /* InformationModel.h */,
				A0532C931D38C6B400FC1AB1 /* InformationModel.m */,
			);
			name = PersonInfo;
			sourceTree = "<group>";
		};
		A0532CA61D38CA0200FC1AB1 /* UserSetting */ = {
			isa = PBXGroup;
			children = (
				A0532CA01D38C9EB00FC1AB1 /* matter.h */,
				A0532CA11D38C9EB00FC1AB1 /* matter.m */,
			);
			name = UserSetting;
			sourceTree = "<group>";
		};
		A0532CBB1D38D00C00FC1AB1 /* Star */ = {
			isa = PBXGroup;
			children = (
				A0532CBD1D38D03E00FC1AB1 /* GTStarsScore.h */,
				A0532CBE1D38D03E00FC1AB1 /* GTStarsScore.m */,
				A0532CBF1D38D03E00FC1AB1 /* star_gray.png */,
				A0532CC01D38D03E00FC1AB1 /* star_yellow.png */,
				A0532CC11D38D03E00FC1AB1 /* UIView+Extention.h */,
				A0532CC21D38D03E00FC1AB1 /* UIView+Extention.m */,
			);
			name = Star;
			sourceTree = "<group>";
		};
		A0552EAE1D3A117B00E04D7A /* Location */ = {
			isa = PBXGroup;
			children = (
				A0552EBA1D3A2C8C00E04D7A /* LocationViewController.h */,
				A0552EBB1D3A2C8C00E04D7A /* LocationViewController.m */,
			);
			name = Location;
			sourceTree = "<group>";
		};
		A0552ED91D3A2CDA00E04D7A /* Location */ = {
			isa = PBXGroup;
			children = (
				A0552EB81D3A2C8C00E04D7A /* LocationPlaceModel.h */,
				A0552EB91D3A2C8C00E04D7A /* LocationPlaceModel.m */,
				A0552EBC1D3A2C8C00E04D7A /* LocCellFrameInfo.h */,
				A0552EBD1D3A2C8C00E04D7A /* LocCellFrameInfo.m */,
				A0552EBE1D3A2C8C00E04D7A /* LocMessageInfoCell.h */,
				A0552EBF1D3A2C8C00E04D7A /* LocMessageInfoCell.m */,
				A0552EC01D3A2C8C00E04D7A /* LocMessageInfoCell.xib */,
				A0552EC61D3A2C8C00E04D7A /* PlaceNameModel.h */,
				A0552EC71D3A2C8C00E04D7A /* PlaceNameModel.m */,
				A0552EC81D3A2C8C00E04D7A /* SelectedCellFrameInfo.h */,
				A0552EC91D3A2C8C00E04D7A /* SelectedCellFrameInfo.m */,
				A0552ECA1D3A2C8C00E04D7A /* SelectedMessageInfoCell.h */,
				A0552ECB1D3A2C8C00E04D7A /* SelectedMessageInfoCell.m */,
				A0552ECC1D3A2C8C00E04D7A /* SelectedMessageInfoCell.xib */,
			);
			name = Location;
			sourceTree = "<group>";
		};
/* End PBXGroup section */

/* Begin PBXNativeTarget section */
		A03ED0511D2DE20700BD9C0A /* YBZTravel */ = {
			isa = PBXNativeTarget;
			buildConfigurationList = A03ED07F1D2DE20800BD9C0A /* Build configuration list for PBXNativeTarget "YBZTravel" */;
			buildPhases = (
				A03ED04E1D2DE20700BD9C0A /* Sources */,
				A03ED04F1D2DE20700BD9C0A /* Frameworks */,
				A03ED0501D2DE20700BD9C0A /* Resources */,
			);
			buildRules = (
			);
			dependencies = (
			);
			name = YBZTravel;
			productName = YBZTravel;
			productReference = A03ED0521D2DE20700BD9C0A /* YBZTravel.app */;
			productType = "com.apple.product-type.application";
		};
		A03ED06A1D2DE20800BD9C0A /* YBZTravelTests */ = {
			isa = PBXNativeTarget;
			buildConfigurationList = A03ED0821D2DE20800BD9C0A /* Build configuration list for PBXNativeTarget "YBZTravelTests" */;
			buildPhases = (
				A03ED0671D2DE20800BD9C0A /* Sources */,
				A03ED0681D2DE20800BD9C0A /* Frameworks */,
				A03ED0691D2DE20800BD9C0A /* Resources */,
			);
			buildRules = (
			);
			dependencies = (
				A03ED06D1D2DE20800BD9C0A /* PBXTargetDependency */,
			);
			name = YBZTravelTests;
			productName = YBZTravelTests;
			productReference = A03ED06B1D2DE20800BD9C0A /* YBZTravelTests.xctest */;
			productType = "com.apple.product-type.bundle.unit-test";
		};
		A03ED0751D2DE20800BD9C0A /* YBZTravelUITests */ = {
			isa = PBXNativeTarget;
			buildConfigurationList = A03ED0851D2DE20800BD9C0A /* Build configuration list for PBXNativeTarget "YBZTravelUITests" */;
			buildPhases = (
				A03ED0721D2DE20800BD9C0A /* Sources */,
				A03ED0731D2DE20800BD9C0A /* Frameworks */,
				A03ED0741D2DE20800BD9C0A /* Resources */,
			);
			buildRules = (
			);
			dependencies = (
				A03ED0781D2DE20800BD9C0A /* PBXTargetDependency */,
			);
			name = YBZTravelUITests;
			productName = YBZTravelUITests;
			productReference = A03ED0761D2DE20800BD9C0A /* YBZTravelUITests.xctest */;
			productType = "com.apple.product-type.bundle.ui-testing";
		};
/* End PBXNativeTarget section */

/* Begin PBXProject section */
		A03ED04A1D2DE20700BD9C0A /* Project object */ = {
			isa = PBXProject;
			attributes = {
				CLASSPREFIX = YBZ;
				LastUpgradeCheck = 0700;
				ORGANIZATIONNAME = tjufe;
				TargetAttributes = {
					A03ED0511D2DE20700BD9C0A = {
						CreatedOnToolsVersion = 7.0;
					};
					A03ED06A1D2DE20800BD9C0A = {
						CreatedOnToolsVersion = 7.0;
						TestTargetID = A03ED0511D2DE20700BD9C0A;
					};
					A03ED0751D2DE20800BD9C0A = {
						CreatedOnToolsVersion = 7.0;
						TestTargetID = A03ED0511D2DE20700BD9C0A;
					};
				};
			};
			buildConfigurationList = A03ED04D1D2DE20700BD9C0A /* Build configuration list for PBXProject "YBZTravel" */;
			compatibilityVersion = "Xcode 3.2";
			developmentRegion = English;
			hasScannedForEncodings = 0;
			knownRegions = (
				en,
				Base,
			);
			mainGroup = A03ED0491D2DE20700BD9C0A;
			productRefGroup = A03ED0531D2DE20700BD9C0A /* Products */;
			projectDirPath = "";
			projectRoot = "";
			targets = (
				A03ED0511D2DE20700BD9C0A /* YBZTravel */,
				A03ED06A1D2DE20800BD9C0A /* YBZTravelTests */,
				A03ED0751D2DE20800BD9C0A /* YBZTravelUITests */,
			);
		};
/* End PBXProject section */

/* Begin PBXResourcesBuildPhase section */
		A03ED0501D2DE20700BD9C0A /* Resources */ = {
			isa = PBXResourcesBuildPhase;
			buildActionMask = 2147483647;
			files = (
				1ED863091D2F39DD00529094 /* Info.plist in Resources */,
				A0532CCD1D38D4FE00FC1AB1 /* UserTableViewCell.xib in Resources */,
				A0552ED11D3A2C8C00E04D7A /* LocMessageInfoCell.xib in Resources */,
				A0532C881D38C3F600FC1AB1 /* AccountTableViewCell.xib in Resources */,
				A0532C851D38C3F600FC1AB1 /* AccountAndSafeOtherTableViewCell.xib in Resources */,
				1ED8631C1D2F839F00529094 /* YBZPopularViewCell.xib in Resources */,
				A03ED0651D2DE20800BD9C0A /* LaunchScreen.storyboard in Resources */,
				A0532C791D38C32200FC1AB1 /* UserSetTableViewCell.xib in Resources */,
				1ED8636D1D3347F500529094 /* SYTableHeaderView.xib in Resources */,
				A0552ED81D3A2C8C00E04D7A /* SelectedMessageInfoCell.xib in Resources */,
				A0532CC51D38D03E00FC1AB1 /* star_yellow.png in Resources */,
				A03ED0621D2DE20800BD9C0A /* Assets.xcassets in Resources */,
				1ED8636B1D3347F500529094 /* SYTableFooterView.xib in Resources */,
				A0532CC41D38D03E00FC1AB1 /* star_gray.png in Resources */,
				A0532CB81D38CF8E00FC1AB1 /* EvaluatePeopleCell.xib in Resources */,
				A0532C961D38C6B400FC1AB1 /* CustomInfoCell.xib in Resources */,
				A0532C771D38C32200FC1AB1 /* UserSetoutTableViewCell.xib in Resources */,
				1ED863D11D3390F000529094 /* MJRefresh.bundle in Resources */,
				A03ED0601D2DE20800BD9C0A /* Main.storyboard in Resources */,
			);
			runOnlyForDeploymentPostprocessing = 0;
		};
		A03ED0691D2DE20800BD9C0A /* Resources */ = {
			isa = PBXResourcesBuildPhase;
			buildActionMask = 2147483647;
			files = (
			);
			runOnlyForDeploymentPostprocessing = 0;
		};
		A03ED0741D2DE20800BD9C0A /* Resources */ = {
			isa = PBXResourcesBuildPhase;
			buildActionMask = 2147483647;
			files = (
			);
			runOnlyForDeploymentPostprocessing = 0;
		};
/* End PBXResourcesBuildPhase section */

/* Begin PBXSourcesBuildPhase section */
		A03ED04E1D2DE20700BD9C0A /* Sources */ = {
			isa = PBXSourcesBuildPhase;
			buildActionMask = 2147483647;
			files = (
				A0532C981D38C6B400FC1AB1 /* InformationModel.m in Sources */,
				1ED863D61D3390F000529094 /* UIScrollView+MJExtension.m in Sources */,
				1ED863081D2F39DD00529094 /* AFViewShaker.m in Sources */,
				A0552ED01D3A2C8C00E04D7A /* LocMessageInfoCell.m in Sources */,
				A0532CB71D38CF8E00FC1AB1 /* EvaluatePeopleCell.m in Sources */,
				A03ED05A1D2DE20800BD9C0A /* AppDelegate.m in Sources */,
				A0552EB41D3A163C00E04D7A /* ASBirthSelectSheet.m in Sources */,
				A0552ECD1D3A2C8C00E04D7A /* LocationPlaceModel.m in Sources */,
				1ED863EA1D38868500529094 /* YBZSingleCodeCell.m in Sources */,
				A03ED0A41D2DE49600BD9C0A /* YBZBaseViewController.m in Sources */,
				A03ED0C81D2DF7E700BD9C0A /* YBZChangeLanguageViewController.m in Sources */,
				1ED863DB1D349ABA00529094 /* YBZChangeLanguageCell.m in Sources */,
				1ED863DE1D34D67500529094 /* YBZChangeLanguageInfo.m in Sources */,
				A0532CD41D38D7D300FC1AB1 /* PickAvatarImage.m in Sources */,
				A0552ED51D3A2C8C00E04D7A /* PlaceNameModel.m in Sources */,
				A0532C7A1D38C32200FC1AB1 /* UserSetViewController.m in Sources */,
				A0532C861D38C3F600FC1AB1 /* AccountAndSafeViewController.m in Sources */,
				1ED8631B1D2F839F00529094 /* YBZPopularViewCell.m in Sources */,
				A03ED0F61D2E3F1700BD9C0A /* YBZProductDetailInfoViewController.m in Sources */,
				1ED863D31D3390F000529094 /* MJRefreshConst.m in Sources */,
				A03ED0A71D2DE4BA00BD9C0A /* YBZRootViewController.m in Sources */,
				1ED8636E1D3347F500529094 /* SYTableViewController.m in Sources */,
				1ED863F11D38884E00529094 /* UIBarButtonItem+YBZBarButtonItem.m in Sources */,
				1ED863121D2F39DD00529094 /* View+MASAdditions.m in Sources */,
				A0532C941D38C6B400FC1AB1 /* CellFramInfo.m in Sources */,
				A0532C951D38C6B400FC1AB1 /* CustomInfoCell.m in Sources */,
				1ED863D41D3390F000529094 /* MJRefreshFooterView.m in Sources */,
				A03ED0A11D2DE46F00BD9C0A /* YBZBaseNaviController.m in Sources */,
				A03ED0D91D2E0ACA00BD9C0A /* YBZUserEwalletsViewController.m in Sources */,
				A0532CAB1D38CB3700FC1AB1 /* AboutViewController.m in Sources */,
				A0552ED61D3A2C8C00E04D7A /* SelectedCellFrameInfo.m in Sources */,
				1ED8630C1D2F39DD00529094 /* MASConstraintMaker.m in Sources */,
				1ED863101D2F39DD00529094 /* NSArray+MASAdditions.m in Sources */,
				A0552ECE1D3A2C8C00E04D7A /* LocationViewController.m in Sources */,
				A0532CC31D38D03E00FC1AB1 /* GTStarsScore.m in Sources */,
				A0532C781D38C32200FC1AB1 /* UserSetTableViewCell.m in Sources */,
				A0532C871D38C3F600FC1AB1 /* AccountTableViewCell.m in Sources */,
				A0552ECF1D3A2C8C00E04D7A /* LocCellFrameInfo.m in Sources */,
				A0532CCC1D38D4FE00FC1AB1 /* UserTableViewCell.m in Sources */,
				1ED8630F1D2F39DD00529094 /* MASViewConstraint.m in Sources */,
				A03ED0DF1D2E2A9700BD9C0A /* YBZRegisterViewController.m in Sources */,
				A03ED0C51D2DF33A00BD9C0A /* YBZLoginViewController.m in Sources */,
				A03ED0F31D2E3EF500BD9C0A /* YBZProductListViewController.m in Sources */,
				1ED863131D2F39DD00529094 /* ViewController+MASAdditions.m in Sources */,
				A03ED0C21D2DF1BE00BD9C0A /* YBZInterpretViewController.m in Sources */,
				A0532CB91D38CF8E00FC1AB1 /* FeedBackViewController.m in Sources */,
				A03ED0B61D2DE9D200BD9C0A /* YBZTranslationController.m in Sources */,
				A03ED0B91D2DEA0C00BD9C0A /* YBZFreeTravelController.m in Sources */,
				1ED863111D2F39DD00529094 /* NSLayoutConstraint+MASDebugAdditions.m in Sources */,
				1ED863EB1D38868500529094 /* YBZSingleCodeInfo.m in Sources */,
				A0552EB71D3A166A00E04D7A /* FreeTravelViewController.m in Sources */,
				A0532CC61D38D03E00FC1AB1 /* UIView+Extention.m in Sources */,
				1ED8630D1D2F39DD00529094 /* MASLayoutConstraint.m in Sources */,
				A03ED0D21D2E089C00BD9C0A /* YBZUserOrderViewController.m in Sources */,
				A03ED0CF1D2E088300BD9C0A /* YBZUserInfoViewController.m in Sources */,
				1ED863D21D3390F000529094 /* MJRefreshBaseView.m in Sources */,
				A0532CBA1D38CF8E00FC1AB1 /* PeoPle.m in Sources */,
				A0552EB31D3A163C00E04D7A /* NIChengViewController.m in Sources */,
				1ED863D51D3390F000529094 /* MJRefreshHeaderView.m in Sources */,
				1ED8630B1D2F39DD00529094 /* MASConstraint.m in Sources */,
				A0532CA41D38C9EB00FC1AB1 /* matter.m in Sources */,
				A0532CB61D38CF8E00FC1AB1 /* CellFrameInfo.m in Sources */,
				A03ED0D51D2E08AD00BD9C0A /* YBZUserFavoriteViewController.m in Sources */,
				A0532CCE1D38D4FE00FC1AB1 /* UserViewController.m in Sources */,
				A0532C761D38C32200FC1AB1 /* UserSetoutTableViewCell.m in Sources */,
				1ED863D81D3390F000529094 /* UIView+MJExtension.m in Sources */,
				A03ED0BF1D2DF1A100BD9C0A /* YBZFreeTranslationViewController.m in Sources */,
				1ED8630A1D2F39DD00529094 /* MASCompositeConstraint.m in Sources */,
				A0532C971D38C6B400FC1AB1 /* EditViewController.m in Sources */,
				A03ED0571D2DE20800BD9C0A /* main.m in Sources */,
				A0532CAC1D38CB3700FC1AB1 /* SecondViewController.m in Sources */,
				1ED8631F1D2F8DA500529094 /* YBZPopularFrameInfo.m in Sources */,
				1ED8636A1D3347F500529094 /* SYTableFooterView.m in Sources */,
				1ED8630E1D2F39DD00529094 /* MASViewAttribute.m in Sources */,
				A0532CD11D38D7BA00FC1AB1 /* PersonalSignatureVC.m in Sources */,
				1ED863D71D3390F000529094 /* UIScrollView+MJRefresh.m in Sources */,
				A0532CA51D38C9EB00FC1AB1 /* HelpViewController.m in Sources */,
				A0532C841D38C3F600FC1AB1 /* AccountAndSafeOtherTableViewCell.m in Sources */,
				1ED863EE1D3887E200529094 /* UITextField+Validator.m in Sources */,
				A03ED0E51D2E2B2300BD9C0A /* YBZTranslaterSelectLanguageViewController.m in Sources */,
				A03ED0E21D2E2AA400BD9C0A /* YBZFindKeyViewController.m in Sources */,
				1ED863E91D38868500529094 /* YBZAreaCodeViewController.m in Sources */,
				A0552ED71D3A2C8C00E04D7A /* SelectedMessageInfoCell.m in Sources */,
				1ED8636C1D3347F500529094 /* SYTableHeaderView.m in Sources */,
			);
			runOnlyForDeploymentPostprocessing = 0;
		};
		A03ED0671D2DE20800BD9C0A /* Sources */ = {
			isa = PBXSourcesBuildPhase;
			buildActionMask = 2147483647;
			files = (
				A03ED0701D2DE20800BD9C0A /* YBZTravelTests.m in Sources */,
			);
			runOnlyForDeploymentPostprocessing = 0;
		};
		A03ED0721D2DE20800BD9C0A /* Sources */ = {
			isa = PBXSourcesBuildPhase;
			buildActionMask = 2147483647;
			files = (
				A03ED07B1D2DE20800BD9C0A /* YBZTravelUITests.m in Sources */,
			);
			runOnlyForDeploymentPostprocessing = 0;
		};
/* End PBXSourcesBuildPhase section */

/* Begin PBXTargetDependency section */
		A03ED06D1D2DE20800BD9C0A /* PBXTargetDependency */ = {
			isa = PBXTargetDependency;
			target = A03ED0511D2DE20700BD9C0A /* YBZTravel */;
			targetProxy = A03ED06C1D2DE20800BD9C0A /* PBXContainerItemProxy */;
		};
		A03ED0781D2DE20800BD9C0A /* PBXTargetDependency */ = {
			isa = PBXTargetDependency;
			target = A03ED0511D2DE20700BD9C0A /* YBZTravel */;
			targetProxy = A03ED0771D2DE20800BD9C0A /* PBXContainerItemProxy */;
		};
/* End PBXTargetDependency section */

/* Begin PBXVariantGroup section */
		A03ED05E1D2DE20800BD9C0A /* Main.storyboard */ = {
			isa = PBXVariantGroup;
			children = (
				A03ED05F1D2DE20800BD9C0A /* Base */,
			);
			name = Main.storyboard;
			path = YBZTravel;
			sourceTree = "<group>";
		};
		A03ED0631D2DE20800BD9C0A /* LaunchScreen.storyboard */ = {
			isa = PBXVariantGroup;
			children = (
				A03ED0641D2DE20800BD9C0A /* Base */,
			);
			name = LaunchScreen.storyboard;
			sourceTree = "<group>";
		};
/* End PBXVariantGroup section */

/* Begin XCBuildConfiguration section */
		A03ED07D1D2DE20800BD9C0A /* Debug */ = {
			isa = XCBuildConfiguration;
			buildSettings = {
				ALWAYS_SEARCH_USER_PATHS = NO;
				CLANG_CXX_LANGUAGE_STANDARD = "gnu++0x";
				CLANG_CXX_LIBRARY = "libc++";
				CLANG_ENABLE_MODULES = YES;
				CLANG_ENABLE_OBJC_ARC = YES;
				CLANG_WARN_BOOL_CONVERSION = YES;
				CLANG_WARN_CONSTANT_CONVERSION = YES;
				CLANG_WARN_DIRECT_OBJC_ISA_USAGE = YES_ERROR;
				CLANG_WARN_EMPTY_BODY = YES;
				CLANG_WARN_ENUM_CONVERSION = YES;
				CLANG_WARN_INT_CONVERSION = YES;
				CLANG_WARN_OBJC_ROOT_CLASS = YES_ERROR;
				CLANG_WARN_UNREACHABLE_CODE = YES;
				CLANG_WARN__DUPLICATE_METHOD_MATCH = YES;
				"CODE_SIGN_IDENTITY[sdk=iphoneos*]" = "iPhone Developer";
				COPY_PHASE_STRIP = NO;
				DEBUG_INFORMATION_FORMAT = dwarf;
				ENABLE_STRICT_OBJC_MSGSEND = YES;
				ENABLE_TESTABILITY = YES;
				GCC_C_LANGUAGE_STANDARD = gnu99;
				GCC_DYNAMIC_NO_PIC = NO;
				GCC_INCREASE_PRECOMPILED_HEADER_SHARING = YES;
				GCC_NO_COMMON_BLOCKS = YES;
				GCC_OPTIMIZATION_LEVEL = 0;
				GCC_PRECOMPILE_PREFIX_HEADER = YES;
				GCC_PREPROCESSOR_DEFINITIONS = (
					"DEBUG=1",
					"$(inherited)",
				);
				GCC_WARN_64_TO_32_BIT_CONVERSION = YES;
				GCC_WARN_ABOUT_RETURN_TYPE = YES_ERROR;
				GCC_WARN_UNDECLARED_SELECTOR = YES;
				GCC_WARN_UNINITIALIZED_AUTOS = YES_AGGRESSIVE;
				GCC_WARN_UNUSED_FUNCTION = YES;
				GCC_WARN_UNUSED_VARIABLE = YES;
				IPHONEOS_DEPLOYMENT_TARGET = 9.0;
				MTL_ENABLE_DEBUG_INFO = YES;
				ONLY_ACTIVE_ARCH = YES;
				SDKROOT = iphoneos;
			};
			name = Debug;
		};
		A03ED07E1D2DE20800BD9C0A /* Release */ = {
			isa = XCBuildConfiguration;
			buildSettings = {
				ALWAYS_SEARCH_USER_PATHS = NO;
				CLANG_CXX_LANGUAGE_STANDARD = "gnu++0x";
				CLANG_CXX_LIBRARY = "libc++";
				CLANG_ENABLE_MODULES = YES;
				CLANG_ENABLE_OBJC_ARC = YES;
				CLANG_WARN_BOOL_CONVERSION = YES;
				CLANG_WARN_CONSTANT_CONVERSION = YES;
				CLANG_WARN_DIRECT_OBJC_ISA_USAGE = YES_ERROR;
				CLANG_WARN_EMPTY_BODY = YES;
				CLANG_WARN_ENUM_CONVERSION = YES;
				CLANG_WARN_INT_CONVERSION = YES;
				CLANG_WARN_OBJC_ROOT_CLASS = YES_ERROR;
				CLANG_WARN_UNREACHABLE_CODE = YES;
				CLANG_WARN__DUPLICATE_METHOD_MATCH = YES;
				"CODE_SIGN_IDENTITY[sdk=iphoneos*]" = "iPhone Developer";
				COPY_PHASE_STRIP = NO;
				DEBUG_INFORMATION_FORMAT = "dwarf-with-dsym";
				ENABLE_NS_ASSERTIONS = NO;
				ENABLE_STRICT_OBJC_MSGSEND = YES;
				GCC_C_LANGUAGE_STANDARD = gnu99;
				GCC_INCREASE_PRECOMPILED_HEADER_SHARING = YES;
				GCC_NO_COMMON_BLOCKS = YES;
				GCC_PRECOMPILE_PREFIX_HEADER = YES;
				GCC_WARN_64_TO_32_BIT_CONVERSION = YES;
				GCC_WARN_ABOUT_RETURN_TYPE = YES_ERROR;
				GCC_WARN_UNDECLARED_SELECTOR = YES;
				GCC_WARN_UNINITIALIZED_AUTOS = YES_AGGRESSIVE;
				GCC_WARN_UNUSED_FUNCTION = YES;
				GCC_WARN_UNUSED_VARIABLE = YES;
				IPHONEOS_DEPLOYMENT_TARGET = 9.0;
				MTL_ENABLE_DEBUG_INFO = NO;
				SDKROOT = iphoneos;
				VALIDATE_PRODUCT = YES;
			};
			name = Release;
		};
		A03ED0801D2DE20800BD9C0A /* Debug */ = {
			isa = XCBuildConfiguration;
			buildSettings = {
				ASSETCATALOG_COMPILER_APPICON_NAME = AppIcon;
				CODE_SIGN_IDENTITY = "iPhone Developer";
				GCC_INCREASE_PRECOMPILED_HEADER_SHARING = YES;
				GCC_PRECOMPILE_PREFIX_HEADER = YES;
				GCC_PREFIX_HEADER = "//Users/tjufe/Desktop/YBZTravel/PrefixHeader.pch";
				INFOPLIST_FILE = YBZTravel/Info.plist;
				LD_RUNPATH_SEARCH_PATHS = "$(inherited) @executable_path/Frameworks";
				PRODUCT_BUNDLE_IDENTIFIER = com.tjufe.YBZTravel;
				PRODUCT_NAME = "$(TARGET_NAME)";
			};
			name = Debug;
		};
		A03ED0811D2DE20800BD9C0A /* Release */ = {
			isa = XCBuildConfiguration;
			buildSettings = {
				ASSETCATALOG_COMPILER_APPICON_NAME = AppIcon;
				CODE_SIGN_IDENTITY = "iPhone Developer";
				GCC_INCREASE_PRECOMPILED_HEADER_SHARING = YES;
				GCC_PRECOMPILE_PREFIX_HEADER = YES;
				GCC_PREFIX_HEADER = "//Users/tjufe/Desktop/YBZTravel/PrefixHeader.pch";
				INFOPLIST_FILE = YBZTravel/Info.plist;
				LD_RUNPATH_SEARCH_PATHS = "$(inherited) @executable_path/Frameworks";
				PRODUCT_BUNDLE_IDENTIFIER = com.tjufe.YBZTravel;
				PRODUCT_NAME = "$(TARGET_NAME)";
			};
			name = Release;
		};
		A03ED0831D2DE20800BD9C0A /* Debug */ = {
			isa = XCBuildConfiguration;
			buildSettings = {
				BUNDLE_LOADER = "$(TEST_HOST)";
				INFOPLIST_FILE = YBZTravelTests/Info.plist;
				LD_RUNPATH_SEARCH_PATHS = "$(inherited) @executable_path/Frameworks @loader_path/Frameworks";
				PRODUCT_BUNDLE_IDENTIFIER = com.tjufe.YBZTravelTests;
				PRODUCT_NAME = "$(TARGET_NAME)";
				TEST_HOST = "$(BUILT_PRODUCTS_DIR)/YBZTravel.app/YBZTravel";
			};
			name = Debug;
		};
		A03ED0841D2DE20800BD9C0A /* Release */ = {
			isa = XCBuildConfiguration;
			buildSettings = {
				BUNDLE_LOADER = "$(TEST_HOST)";
				INFOPLIST_FILE = YBZTravelTests/Info.plist;
				LD_RUNPATH_SEARCH_PATHS = "$(inherited) @executable_path/Frameworks @loader_path/Frameworks";
				PRODUCT_BUNDLE_IDENTIFIER = com.tjufe.YBZTravelTests;
				PRODUCT_NAME = "$(TARGET_NAME)";
				TEST_HOST = "$(BUILT_PRODUCTS_DIR)/YBZTravel.app/YBZTravel";
			};
			name = Release;
		};
		A03ED0861D2DE20800BD9C0A /* Debug */ = {
			isa = XCBuildConfiguration;
			buildSettings = {
				INFOPLIST_FILE = YBZTravelUITests/Info.plist;
				LD_RUNPATH_SEARCH_PATHS = "$(inherited) @executable_path/Frameworks @loader_path/Frameworks";
				PRODUCT_BUNDLE_IDENTIFIER = com.tjufe.YBZTravelUITests;
				PRODUCT_NAME = "$(TARGET_NAME)";
				TEST_TARGET_NAME = YBZTravel;
				USES_XCTRUNNER = YES;
			};
			name = Debug;
		};
		A03ED0871D2DE20800BD9C0A /* Release */ = {
			isa = XCBuildConfiguration;
			buildSettings = {
				INFOPLIST_FILE = YBZTravelUITests/Info.plist;
				LD_RUNPATH_SEARCH_PATHS = "$(inherited) @executable_path/Frameworks @loader_path/Frameworks";
				PRODUCT_BUNDLE_IDENTIFIER = com.tjufe.YBZTravelUITests;
				PRODUCT_NAME = "$(TARGET_NAME)";
				TEST_TARGET_NAME = YBZTravel;
				USES_XCTRUNNER = YES;
			};
			name = Release;
		};
/* End XCBuildConfiguration section */

/* Begin XCConfigurationList section */
		A03ED04D1D2DE20700BD9C0A /* Build configuration list for PBXProject "YBZTravel" */ = {
			isa = XCConfigurationList;
			buildConfigurations = (
				A03ED07D1D2DE20800BD9C0A /* Debug */,
				A03ED07E1D2DE20800BD9C0A /* Release */,
			);
			defaultConfigurationIsVisible = 0;
			defaultConfigurationName = Release;
		};
		A03ED07F1D2DE20800BD9C0A /* Build configuration list for PBXNativeTarget "YBZTravel" */ = {
			isa = XCConfigurationList;
			buildConfigurations = (
				A03ED0801D2DE20800BD9C0A /* Debug */,
				A03ED0811D2DE20800BD9C0A /* Release */,
			);
			defaultConfigurationIsVisible = 0;
			defaultConfigurationName = Release;
		};
		A03ED0821D2DE20800BD9C0A /* Build configuration list for PBXNativeTarget "YBZTravelTests" */ = {
			isa = XCConfigurationList;
			buildConfigurations = (
				A03ED0831D2DE20800BD9C0A /* Debug */,
				A03ED0841D2DE20800BD9C0A /* Release */,
			);
			defaultConfigurationIsVisible = 0;
			defaultConfigurationName = Release;
		};
		A03ED0851D2DE20800BD9C0A /* Build configuration list for PBXNativeTarget "YBZTravelUITests" */ = {
			isa = XCConfigurationList;
			buildConfigurations = (
				A03ED0861D2DE20800BD9C0A /* Debug */,
				A03ED0871D2DE20800BD9C0A /* Release */,
			);
			defaultConfigurationIsVisible = 0;
			defaultConfigurationName = Release;
		};
/* End XCConfigurationList section */
	};
	rootObject = A03ED04A1D2DE20700BD9C0A /* Project object */;
}
